// !$*UTF8*$!
{
	archiveVersion = 1;
	classes = {
	};
	objectVersion = 55;
	objects = {

/* Begin PBXBuildFile section */
		A6075D792871666F00913FD4 /* UIViewController+Rx.swift in Sources */ = {isa = PBXBuildFile; fileRef = A6075D782871666F00913FD4 /* UIViewController+Rx.swift */; };
		A6075D7C28718FD500913FD4 /* Kingfisher in Frameworks */ = {isa = PBXBuildFile; productRef = A6075D7B28718FD500913FD4 /* Kingfisher */; };
		A6075D7E2871901F00913FD4 /* UIImageView+extension.swift in Sources */ = {isa = PBXBuildFile; fileRef = A6075D7D2871901F00913FD4 /* UIImageView+extension.swift */; };
		A6075D822871997200913FD4 /* YogiDetailViewController.swift in Sources */ = {isa = PBXBuildFile; fileRef = A6075D812871997100913FD4 /* YogiDetailViewController.swift */; };
		A63679F32874172900F480A1 /* YogiDateFormatter.swift in Sources */ = {isa = PBXBuildFile; fileRef = A63679F22874172900F480A1 /* YogiDateFormatter.swift */; };
		A63679F5287417E500F480A1 /* YogiNumberFormatter.swift in Sources */ = {isa = PBXBuildFile; fileRef = A63679F4287417E500F480A1 /* YogiNumberFormatter.swift */; };
		A63679F728741B1500F480A1 /* YogiFavoriteViewReactor.swift in Sources */ = {isa = PBXBuildFile; fileRef = A63679F628741B1500F480A1 /* YogiFavoriteViewReactor.swift */; };
		A63679F928741D8A00F480A1 /* YogiFavoriteUsecase.swift in Sources */ = {isa = PBXBuildFile; fileRef = A63679F828741D8A00F480A1 /* YogiFavoriteUsecase.swift */; };
		A63679FF2874A35300F480A1 /* YogiHomeCollectionViewCellReactor.swift in Sources */ = {isa = PBXBuildFile; fileRef = A63679FE2874A35300F480A1 /* YogiHomeCollectionViewCellReactor.swift */; };
		A6367A022874BE2100F480A1 /* YogiFavoriteCollectionViewCellReactor.swift in Sources */ = {isa = PBXBuildFile; fileRef = A6367A012874BE2100F480A1 /* YogiFavoriteCollectionViewCellReactor.swift */; };
		A6367A0D2875535E00F480A1 /* EndPointTests.swift in Sources */ = {isa = PBXBuildFile; fileRef = A6367A0C2875535E00F480A1 /* EndPointTests.swift */; };
		A6367A1428755E1F00F480A1 /* StubURLSessionWithStatusCode.swift in Sources */ = {isa = PBXBuildFile; fileRef = A6367A1328755E1F00F480A1 /* StubURLSessionWithStatusCode.swift */; };
		A6367A1628755E5B00F480A1 /* StubURLSessionDataTask.swift in Sources */ = {isa = PBXBuildFile; fileRef = A6367A1528755E5B00F480A1 /* StubURLSessionDataTask.swift */; };
		A6367A1828755ECC00F480A1 /* HttpNetworkTests.swift in Sources */ = {isa = PBXBuildFile; fileRef = A6367A1728755ECC00F480A1 /* HttpNetworkTests.swift */; };
		A6367A1D2875684000F480A1 /* StubURLSessionWithInvalidResponse.swift in Sources */ = {isa = PBXBuildFile; fileRef = A6367A1C2875684000F480A1 /* StubURLSessionWithInvalidResponse.swift */; };
		A6367A212875702300F480A1 /* HttpMethodTests.swift in Sources */ = {isa = PBXBuildFile; fileRef = A6367A202875702300F480A1 /* HttpMethodTests.swift */; };
		A6367A2328757CFB00F480A1 /* HomeViewReactorTests.swift in Sources */ = {isa = PBXBuildFile; fileRef = A6367A2228757CFB00F480A1 /* HomeViewReactorTests.swift */; };
		A6367A2528759A5300F480A1 /* YogiHomeUsecaseType.swift in Sources */ = {isa = PBXBuildFile; fileRef = A6367A2428759A5200F480A1 /* YogiHomeUsecaseType.swift */; };
		A6367A2828759A8D00F480A1 /* YogiDetailUsecaseType.swift in Sources */ = {isa = PBXBuildFile; fileRef = A6367A2728759A8D00F480A1 /* YogiDetailUsecaseType.swift */; };
		A6367A2A28759AA900F480A1 /* YogiFavoriteUsecaseType.swift in Sources */ = {isa = PBXBuildFile; fileRef = A6367A2928759AA900F480A1 /* YogiFavoriteUsecaseType.swift */; };
		A6367A2C28759F6D00F480A1 /* StubHomeUsecase.swift in Sources */ = {isa = PBXBuildFile; fileRef = A6367A2B28759F6D00F480A1 /* StubHomeUsecase.swift */; };
		A6367A312875B16C00F480A1 /* StubDetailUsecase.swift in Sources */ = {isa = PBXBuildFile; fileRef = A6367A302875B16C00F480A1 /* StubDetailUsecase.swift */; };
		A6367A332875B21000F480A1 /* DetailViewReactorTests.swift in Sources */ = {isa = PBXBuildFile; fileRef = A6367A322875B21000F480A1 /* DetailViewReactorTests.swift */; };
		A6367A392875CC6400F480A1 /* StubFavoriteUsecase.swift in Sources */ = {isa = PBXBuildFile; fileRef = A6367A382875CC6400F480A1 /* StubFavoriteUsecase.swift */; };
		A6367A3B2875CDD400F480A1 /* FavoriteViewReactorTests.swift in Sources */ = {isa = PBXBuildFile; fileRef = A6367A3A2875CDD400F480A1 /* FavoriteViewReactorTests.swift */; };
		A6367A3E2875F70300F480A1 /* HomeUseCaseTests.swift in Sources */ = {isa = PBXBuildFile; fileRef = A6367A3D2875F70300F480A1 /* HomeUseCaseTests.swift */; };
		A6367A412875FF9000F480A1 /* MockProductRepository.swift in Sources */ = {isa = PBXBuildFile; fileRef = A6367A402875FF9000F480A1 /* MockProductRepository.swift */; };
		A6367A432876006300F480A1 /* MockFavoriteProductRepository.swift in Sources */ = {isa = PBXBuildFile; fileRef = A6367A422876006300F480A1 /* MockFavoriteProductRepository.swift */; };
		A6367A462876060100F480A1 /* DetailUseCaseTests.swift in Sources */ = {isa = PBXBuildFile; fileRef = A6367A452876060100F480A1 /* DetailUseCaseTests.swift */; };
		A6367A4828760A2F00F480A1 /* FavoriteUseCaseTests.swift in Sources */ = {isa = PBXBuildFile; fileRef = A6367A4728760A2F00F480A1 /* FavoriteUseCaseTests.swift */; };
		A644392E286EDC58009E9F74 /* YogiResponse.swift in Sources */ = {isa = PBXBuildFile; fileRef = A644392D286EDC58009E9F74 /* YogiResponse.swift */; };
		A6443935286EE0F3009E9F74 /* URLSessionProtocol.swift in Sources */ = {isa = PBXBuildFile; fileRef = A6443934286EE0F3009E9F74 /* URLSessionProtocol.swift */; };
		A6443938286EE56F009E9F74 /* SnapKit in Frameworks */ = {isa = PBXBuildFile; productRef = A6443937286EE56F009E9F74 /* SnapKit */; };
		A644393B286EE58B009E9F74 /* RxCocoa in Frameworks */ = {isa = PBXBuildFile; productRef = A644393A286EE58B009E9F74 /* RxCocoa */; };
		A644393D286EE58B009E9F74 /* RxRelay in Frameworks */ = {isa = PBXBuildFile; productRef = A644393C286EE58B009E9F74 /* RxRelay */; };
		A644393F286EE58B009E9F74 /* RxSwift in Frameworks */ = {isa = PBXBuildFile; productRef = A644393E286EE58B009E9F74 /* RxSwift */; };
		A6443942286EE59A009E9F74 /* ReactorKit in Frameworks */ = {isa = PBXBuildFile; productRef = A6443941286EE59A009E9F74 /* ReactorKit */; };
		A6443944286EE783009E9F74 /* HttpNetworkError.swift in Sources */ = {isa = PBXBuildFile; fileRef = A6443943286EE783009E9F74 /* HttpNetworkError.swift */; };
		A6443946286EE8A6009E9F74 /* HttpMethod.swift in Sources */ = {isa = PBXBuildFile; fileRef = A6443945286EE8A6009E9F74 /* HttpMethod.swift */; };
		A6443948286EE8D5009E9F74 /* EndPoint.swift in Sources */ = {isa = PBXBuildFile; fileRef = A6443947286EE8D5009E9F74 /* EndPoint.swift */; };
		A644394F286EEBA0009E9F74 /* HttpNetwork.swift in Sources */ = {isa = PBXBuildFile; fileRef = A644394E286EEBA0009E9F74 /* HttpNetwork.swift */; };
		A644395128704139009E9F74 /* Product.swift in Sources */ = {isa = PBXBuildFile; fileRef = A644395028704139009E9F74 /* Product.swift */; };
		A6443954287053B8009E9F74 /* YogiHomeCollectionViewCell.swift in Sources */ = {isa = PBXBuildFile; fileRef = A6443953287053B8009E9F74 /* YogiHomeCollectionViewCell.swift */; };
		A644395628705402009E9F74 /* UICollectionView+extension.swift in Sources */ = {isa = PBXBuildFile; fileRef = A644395528705402009E9F74 /* UICollectionView+extension.swift */; };
		A644395828706790009E9F74 /* YogiProductImageView.swift in Sources */ = {isa = PBXBuildFile; fileRef = A644395728706790009E9F74 /* YogiProductImageView.swift */; };
		A644395A28706E48009E9F74 /* YogiRateStackView.swift in Sources */ = {isa = PBXBuildFile; fileRef = A644395928706E48009E9F74 /* YogiRateStackView.swift */; };
		A648133C287610130070F7ED /* ProductRepositoryTests.swift in Sources */ = {isa = PBXBuildFile; fileRef = A648133B287610130070F7ED /* ProductRepositoryTests.swift */; };
		A648133E2876107A0070F7ED /* MockHttpNetwork.swift in Sources */ = {isa = PBXBuildFile; fileRef = A648133D2876107A0070F7ED /* MockHttpNetwork.swift */; };
		A6481340287696130070F7ED /* YogiResponse+Encodable.swift in Sources */ = {isa = PBXBuildFile; fileRef = A648133F287696130070F7ED /* YogiResponse+Encodable.swift */; };
		A6481343287696F60070F7ED /* FavoriteProductRepositoryTests.swift in Sources */ = {isa = PBXBuildFile; fileRef = A6481342287696F60070F7ED /* FavoriteProductRepositoryTests.swift */; };
		A648134728769B9A0070F7ED /* HomeCollectionViewCellReactorTests.swift in Sources */ = {isa = PBXBuildFile; fileRef = A648134628769B9A0070F7ED /* HomeCollectionViewCellReactorTests.swift */; };
		A67F1C76287089B300DF06DB /* YogiProductRepository.swift in Sources */ = {isa = PBXBuildFile; fileRef = A67F1C75287089B300DF06DB /* YogiProductRepository.swift */; };
		A67F1C7828708C4300DF06DB /* NetworkRepository.swift in Sources */ = {isa = PBXBuildFile; fileRef = A67F1C7728708C4300DF06DB /* NetworkRepository.swift */; };
		A67F1C7D28709FEE00DF06DB /* YogiHomeUsecase.swift in Sources */ = {isa = PBXBuildFile; fileRef = A67F1C7C28709FEE00DF06DB /* YogiHomeUsecase.swift */; };
		A67F1C802870A18600DF06DB /* YogiHomeViewReactor.swift in Sources */ = {isa = PBXBuildFile; fileRef = A67F1C7F2870A18600DF06DB /* YogiHomeViewReactor.swift */; };
		A6AD9767286EC80E009968B1 /* AppDelegate.swift in Sources */ = {isa = PBXBuildFile; fileRef = A6AD9766286EC80E009968B1 /* AppDelegate.swift */; };
		A6AD9769286EC80E009968B1 /* SceneDelegate.swift in Sources */ = {isa = PBXBuildFile; fileRef = A6AD9768286EC80E009968B1 /* SceneDelegate.swift */; };
		A6AD976B286EC80E009968B1 /* YogiHomeViewController.swift in Sources */ = {isa = PBXBuildFile; fileRef = A6AD976A286EC80E009968B1 /* YogiHomeViewController.swift */; };
		A6AD9770286EC810009968B1 /* Assets.xcassets in Resources */ = {isa = PBXBuildFile; fileRef = A6AD976F286EC810009968B1 /* Assets.xcassets */; };
		A6AD9773286EC810009968B1 /* LaunchScreen.storyboard in Resources */ = {isa = PBXBuildFile; fileRef = A6AD9771286EC810009968B1 /* LaunchScreen.storyboard */; };
		A6AF968C2871D234000E21B2 /* YogiDetailViewReactor.swift in Sources */ = {isa = PBXBuildFile; fileRef = A6AF968B2871D234000E21B2 /* YogiDetailViewReactor.swift */; };
		A6AF96902871F2F4000E21B2 /* YogiDetailUsecase.swift in Sources */ = {isa = PBXBuildFile; fileRef = A6AF968F2871F2F4000E21B2 /* YogiDetailUsecase.swift */; };
		A6AF96962871F523000E21B2 /* YogiCoreDataModel.xcdatamodeld in Sources */ = {isa = PBXBuildFile; fileRef = A6AF96942871F523000E21B2 /* YogiCoreDataModel.xcdatamodeld */; };
		A6AF96992871F7E2000E21B2 /* ProductDataObject+CoreDataClass.swift in Sources */ = {isa = PBXBuildFile; fileRef = A6AF96972871F7E2000E21B2 /* ProductDataObject+CoreDataClass.swift */; };
		A6AF969A2871F7E2000E21B2 /* ProductDataObject+CoreDataProperties.swift in Sources */ = {isa = PBXBuildFile; fileRef = A6AF96982871F7E2000E21B2 /* ProductDataObject+CoreDataProperties.swift */; };
		A6AF969E287202A7000E21B2 /* CoreDataManager.swift in Sources */ = {isa = PBXBuildFile; fileRef = A6AF969D287202A7000E21B2 /* CoreDataManager.swift */; };
		A6AF96A028720726000E21B2 /* CoreDataError.swift in Sources */ = {isa = PBXBuildFile; fileRef = A6AF969F28720726000E21B2 /* CoreDataError.swift */; };
		A6AF96A42872A086000E21B2 /* CoreDataRepository.swift in Sources */ = {isa = PBXBuildFile; fileRef = A6AF96A32872A085000E21B2 /* CoreDataRepository.swift */; };
		A6AF96A62872A119000E21B2 /* YogiFavoriteProductRepository.swift in Sources */ = {isa = PBXBuildFile; fileRef = A6AF96A52872A119000E21B2 /* YogiFavoriteProductRepository.swift */; };
		A6AF96AB2872E115000E21B2 /* YogiFavoriteViewController.swift in Sources */ = {isa = PBXBuildFile; fileRef = A6AF96AA2872E115000E21B2 /* YogiFavoriteViewController.swift */; };
		A6AF96AE2872E1C1000E21B2 /* YogiFavoriteCollectionViewCell.swift in Sources */ = {isa = PBXBuildFile; fileRef = A6AF96AD2872E1C1000E21B2 /* YogiFavoriteCollectionViewCell.swift */; };
/* End PBXBuildFile section */

/* Begin PBXContainerItemProxy section */
		A6367A0E2875535E00F480A1 /* PBXContainerItemProxy */ = {
			isa = PBXContainerItemProxy;
			containerPortal = A6AD975B286EC80E009968B1 /* Project object */;
			proxyType = 1;
			remoteGlobalIDString = A6AD9762286EC80E009968B1;
			remoteInfo = Left7;
		};
/* End PBXContainerItemProxy section */

/* Begin PBXFileReference section */
		A6075D782871666F00913FD4 /* UIViewController+Rx.swift */ = {isa = PBXFileReference; lastKnownFileType = sourcecode.swift; path = "UIViewController+Rx.swift"; sourceTree = "<group>"; };
		A6075D7D2871901F00913FD4 /* UIImageView+extension.swift */ = {isa = PBXFileReference; lastKnownFileType = sourcecode.swift; path = "UIImageView+extension.swift"; sourceTree = "<group>"; };
		A6075D812871997100913FD4 /* YogiDetailViewController.swift */ = {isa = PBXFileReference; lastKnownFileType = sourcecode.swift; path = YogiDetailViewController.swift; sourceTree = "<group>"; };
		A63679F22874172900F480A1 /* YogiDateFormatter.swift */ = {isa = PBXFileReference; lastKnownFileType = sourcecode.swift; path = YogiDateFormatter.swift; sourceTree = "<group>"; };
		A63679F4287417E500F480A1 /* YogiNumberFormatter.swift */ = {isa = PBXFileReference; lastKnownFileType = sourcecode.swift; path = YogiNumberFormatter.swift; sourceTree = "<group>"; };
		A63679F628741B1500F480A1 /* YogiFavoriteViewReactor.swift */ = {isa = PBXFileReference; lastKnownFileType = sourcecode.swift; path = YogiFavoriteViewReactor.swift; sourceTree = "<group>"; };
		A63679F828741D8A00F480A1 /* YogiFavoriteUsecase.swift */ = {isa = PBXFileReference; lastKnownFileType = sourcecode.swift; path = YogiFavoriteUsecase.swift; sourceTree = "<group>"; };
		A63679FE2874A35300F480A1 /* YogiHomeCollectionViewCellReactor.swift */ = {isa = PBXFileReference; lastKnownFileType = sourcecode.swift; path = YogiHomeCollectionViewCellReactor.swift; sourceTree = "<group>"; };
		A6367A012874BE2100F480A1 /* YogiFavoriteCollectionViewCellReactor.swift */ = {isa = PBXFileReference; lastKnownFileType = sourcecode.swift; path = YogiFavoriteCollectionViewCellReactor.swift; sourceTree = "<group>"; };
		A6367A0A2875535E00F480A1 /* Left7Tests.xctest */ = {isa = PBXFileReference; explicitFileType = wrapper.cfbundle; includeInIndex = 0; path = Left7Tests.xctest; sourceTree = BUILT_PRODUCTS_DIR; };
		A6367A0C2875535E00F480A1 /* EndPointTests.swift */ = {isa = PBXFileReference; lastKnownFileType = sourcecode.swift; path = EndPointTests.swift; sourceTree = "<group>"; };
		A6367A1328755E1F00F480A1 /* StubURLSessionWithStatusCode.swift */ = {isa = PBXFileReference; lastKnownFileType = sourcecode.swift; path = StubURLSessionWithStatusCode.swift; sourceTree = "<group>"; };
		A6367A1528755E5B00F480A1 /* StubURLSessionDataTask.swift */ = {isa = PBXFileReference; lastKnownFileType = sourcecode.swift; path = StubURLSessionDataTask.swift; sourceTree = "<group>"; };
		A6367A1728755ECC00F480A1 /* HttpNetworkTests.swift */ = {isa = PBXFileReference; lastKnownFileType = sourcecode.swift; path = HttpNetworkTests.swift; sourceTree = "<group>"; };
		A6367A1C2875684000F480A1 /* StubURLSessionWithInvalidResponse.swift */ = {isa = PBXFileReference; lastKnownFileType = sourcecode.swift; path = StubURLSessionWithInvalidResponse.swift; sourceTree = "<group>"; };
		A6367A202875702300F480A1 /* HttpMethodTests.swift */ = {isa = PBXFileReference; lastKnownFileType = sourcecode.swift; path = HttpMethodTests.swift; sourceTree = "<group>"; };
		A6367A2228757CFB00F480A1 /* HomeViewReactorTests.swift */ = {isa = PBXFileReference; lastKnownFileType = sourcecode.swift; path = HomeViewReactorTests.swift; sourceTree = "<group>"; };
		A6367A2428759A5200F480A1 /* YogiHomeUsecaseType.swift */ = {isa = PBXFileReference; lastKnownFileType = sourcecode.swift; path = YogiHomeUsecaseType.swift; sourceTree = "<group>"; };
		A6367A2728759A8D00F480A1 /* YogiDetailUsecaseType.swift */ = {isa = PBXFileReference; lastKnownFileType = sourcecode.swift; path = YogiDetailUsecaseType.swift; sourceTree = "<group>"; };
		A6367A2928759AA900F480A1 /* YogiFavoriteUsecaseType.swift */ = {isa = PBXFileReference; lastKnownFileType = sourcecode.swift; path = YogiFavoriteUsecaseType.swift; sourceTree = "<group>"; };
		A6367A2B28759F6D00F480A1 /* StubHomeUsecase.swift */ = {isa = PBXFileReference; lastKnownFileType = sourcecode.swift; path = StubHomeUsecase.swift; sourceTree = "<group>"; };
		A6367A302875B16C00F480A1 /* StubDetailUsecase.swift */ = {isa = PBXFileReference; lastKnownFileType = sourcecode.swift; path = StubDetailUsecase.swift; sourceTree = "<group>"; };
		A6367A322875B21000F480A1 /* DetailViewReactorTests.swift */ = {isa = PBXFileReference; lastKnownFileType = sourcecode.swift; path = DetailViewReactorTests.swift; sourceTree = "<group>"; };
		A6367A382875CC6400F480A1 /* StubFavoriteUsecase.swift */ = {isa = PBXFileReference; lastKnownFileType = sourcecode.swift; path = StubFavoriteUsecase.swift; sourceTree = "<group>"; };
		A6367A3A2875CDD400F480A1 /* FavoriteViewReactorTests.swift */ = {isa = PBXFileReference; lastKnownFileType = sourcecode.swift; path = FavoriteViewReactorTests.swift; sourceTree = "<group>"; };
		A6367A3D2875F70300F480A1 /* HomeUseCaseTests.swift */ = {isa = PBXFileReference; lastKnownFileType = sourcecode.swift; path = HomeUseCaseTests.swift; sourceTree = "<group>"; };
		A6367A402875FF9000F480A1 /* MockProductRepository.swift */ = {isa = PBXFileReference; lastKnownFileType = sourcecode.swift; path = MockProductRepository.swift; sourceTree = "<group>"; };
		A6367A422876006300F480A1 /* MockFavoriteProductRepository.swift */ = {isa = PBXFileReference; lastKnownFileType = sourcecode.swift; path = MockFavoriteProductRepository.swift; sourceTree = "<group>"; };
		A6367A452876060100F480A1 /* DetailUseCaseTests.swift */ = {isa = PBXFileReference; lastKnownFileType = sourcecode.swift; path = DetailUseCaseTests.swift; sourceTree = "<group>"; };
		A6367A4728760A2F00F480A1 /* FavoriteUseCaseTests.swift */ = {isa = PBXFileReference; lastKnownFileType = sourcecode.swift; path = FavoriteUseCaseTests.swift; sourceTree = "<group>"; };
		A644392D286EDC58009E9F74 /* YogiResponse.swift */ = {isa = PBXFileReference; lastKnownFileType = sourcecode.swift; path = YogiResponse.swift; sourceTree = "<group>"; };
		A6443934286EE0F3009E9F74 /* URLSessionProtocol.swift */ = {isa = PBXFileReference; lastKnownFileType = sourcecode.swift; path = URLSessionProtocol.swift; sourceTree = "<group>"; };
		A6443943286EE783009E9F74 /* HttpNetworkError.swift */ = {isa = PBXFileReference; lastKnownFileType = sourcecode.swift; path = HttpNetworkError.swift; sourceTree = "<group>"; };
		A6443945286EE8A6009E9F74 /* HttpMethod.swift */ = {isa = PBXFileReference; lastKnownFileType = sourcecode.swift; path = HttpMethod.swift; sourceTree = "<group>"; };
		A6443947286EE8D5009E9F74 /* EndPoint.swift */ = {isa = PBXFileReference; lastKnownFileType = sourcecode.swift; path = EndPoint.swift; sourceTree = "<group>"; };
		A644394E286EEBA0009E9F74 /* HttpNetwork.swift */ = {isa = PBXFileReference; lastKnownFileType = sourcecode.swift; path = HttpNetwork.swift; sourceTree = "<group>"; };
		A644395028704139009E9F74 /* Product.swift */ = {isa = PBXFileReference; lastKnownFileType = sourcecode.swift; path = Product.swift; sourceTree = "<group>"; };
		A6443953287053B8009E9F74 /* YogiHomeCollectionViewCell.swift */ = {isa = PBXFileReference; lastKnownFileType = sourcecode.swift; path = YogiHomeCollectionViewCell.swift; sourceTree = "<group>"; };
		A644395528705402009E9F74 /* UICollectionView+extension.swift */ = {isa = PBXFileReference; lastKnownFileType = sourcecode.swift; path = "UICollectionView+extension.swift"; sourceTree = "<group>"; };
		A644395728706790009E9F74 /* YogiProductImageView.swift */ = {isa = PBXFileReference; lastKnownFileType = sourcecode.swift; path = YogiProductImageView.swift; sourceTree = "<group>"; };
		A644395928706E48009E9F74 /* YogiRateStackView.swift */ = {isa = PBXFileReference; lastKnownFileType = sourcecode.swift; path = YogiRateStackView.swift; sourceTree = "<group>"; };
		A648133B287610130070F7ED /* ProductRepositoryTests.swift */ = {isa = PBXFileReference; lastKnownFileType = sourcecode.swift; path = ProductRepositoryTests.swift; sourceTree = "<group>"; };
		A648133D2876107A0070F7ED /* MockHttpNetwork.swift */ = {isa = PBXFileReference; lastKnownFileType = sourcecode.swift; path = MockHttpNetwork.swift; sourceTree = "<group>"; };
		A648133F287696130070F7ED /* YogiResponse+Encodable.swift */ = {isa = PBXFileReference; lastKnownFileType = sourcecode.swift; path = "YogiResponse+Encodable.swift"; sourceTree = "<group>"; };
		A6481342287696F60070F7ED /* FavoriteProductRepositoryTests.swift */ = {isa = PBXFileReference; lastKnownFileType = sourcecode.swift; path = FavoriteProductRepositoryTests.swift; sourceTree = "<group>"; };
		A648134628769B9A0070F7ED /* HomeCollectionViewCellReactorTests.swift */ = {isa = PBXFileReference; lastKnownFileType = sourcecode.swift; path = HomeCollectionViewCellReactorTests.swift; sourceTree = "<group>"; };
		A67F1C75287089B300DF06DB /* YogiProductRepository.swift */ = {isa = PBXFileReference; lastKnownFileType = sourcecode.swift; path = YogiProductRepository.swift; sourceTree = "<group>"; };
		A67F1C7728708C4300DF06DB /* NetworkRepository.swift */ = {isa = PBXFileReference; lastKnownFileType = sourcecode.swift; path = NetworkRepository.swift; sourceTree = "<group>"; };
		A67F1C7C28709FEE00DF06DB /* YogiHomeUsecase.swift */ = {isa = PBXFileReference; lastKnownFileType = sourcecode.swift; path = YogiHomeUsecase.swift; sourceTree = "<group>"; };
		A67F1C7F2870A18600DF06DB /* YogiHomeViewReactor.swift */ = {isa = PBXFileReference; lastKnownFileType = sourcecode.swift; path = YogiHomeViewReactor.swift; sourceTree = "<group>"; };
		A6AD9763286EC80E009968B1 /* Left7.app */ = {isa = PBXFileReference; explicitFileType = wrapper.application; includeInIndex = 0; path = Left7.app; sourceTree = BUILT_PRODUCTS_DIR; };
		A6AD9766286EC80E009968B1 /* AppDelegate.swift */ = {isa = PBXFileReference; lastKnownFileType = sourcecode.swift; path = AppDelegate.swift; sourceTree = "<group>"; };
		A6AD9768286EC80E009968B1 /* SceneDelegate.swift */ = {isa = PBXFileReference; lastKnownFileType = sourcecode.swift; path = SceneDelegate.swift; sourceTree = "<group>"; };
		A6AD976A286EC80E009968B1 /* YogiHomeViewController.swift */ = {isa = PBXFileReference; lastKnownFileType = sourcecode.swift; path = YogiHomeViewController.swift; sourceTree = "<group>"; };
		A6AD976F286EC810009968B1 /* Assets.xcassets */ = {isa = PBXFileReference; lastKnownFileType = folder.assetcatalog; path = Assets.xcassets; sourceTree = "<group>"; };
		A6AD9772286EC810009968B1 /* Base */ = {isa = PBXFileReference; lastKnownFileType = file.storyboard; name = Base; path = Base.lproj/LaunchScreen.storyboard; sourceTree = "<group>"; };
		A6AD9774286EC810009968B1 /* Info.plist */ = {isa = PBXFileReference; lastKnownFileType = text.plist.xml; path = Info.plist; sourceTree = "<group>"; };
		A6AF968B2871D234000E21B2 /* YogiDetailViewReactor.swift */ = {isa = PBXFileReference; lastKnownFileType = sourcecode.swift; path = YogiDetailViewReactor.swift; sourceTree = "<group>"; };
		A6AF968F2871F2F4000E21B2 /* YogiDetailUsecase.swift */ = {isa = PBXFileReference; lastKnownFileType = sourcecode.swift; path = YogiDetailUsecase.swift; sourceTree = "<group>"; };
		A6AF96952871F523000E21B2 /* YogiCoreDataModel.xcdatamodel */ = {isa = PBXFileReference; lastKnownFileType = wrapper.xcdatamodel; path = YogiCoreDataModel.xcdatamodel; sourceTree = "<group>"; };
		A6AF96972871F7E2000E21B2 /* ProductDataObject+CoreDataClass.swift */ = {isa = PBXFileReference; lastKnownFileType = sourcecode.swift; path = "ProductDataObject+CoreDataClass.swift"; sourceTree = "<group>"; };
		A6AF96982871F7E2000E21B2 /* ProductDataObject+CoreDataProperties.swift */ = {isa = PBXFileReference; lastKnownFileType = sourcecode.swift; path = "ProductDataObject+CoreDataProperties.swift"; sourceTree = "<group>"; };
		A6AF969D287202A7000E21B2 /* CoreDataManager.swift */ = {isa = PBXFileReference; lastKnownFileType = sourcecode.swift; path = CoreDataManager.swift; sourceTree = "<group>"; };
		A6AF969F28720726000E21B2 /* CoreDataError.swift */ = {isa = PBXFileReference; lastKnownFileType = sourcecode.swift; path = CoreDataError.swift; sourceTree = "<group>"; };
		A6AF96A32872A085000E21B2 /* CoreDataRepository.swift */ = {isa = PBXFileReference; lastKnownFileType = sourcecode.swift; path = CoreDataRepository.swift; sourceTree = "<group>"; };
		A6AF96A52872A119000E21B2 /* YogiFavoriteProductRepository.swift */ = {isa = PBXFileReference; lastKnownFileType = sourcecode.swift; path = YogiFavoriteProductRepository.swift; sourceTree = "<group>"; };
		A6AF96AA2872E115000E21B2 /* YogiFavoriteViewController.swift */ = {isa = PBXFileReference; lastKnownFileType = sourcecode.swift; path = YogiFavoriteViewController.swift; sourceTree = "<group>"; };
		A6AF96AD2872E1C1000E21B2 /* YogiFavoriteCollectionViewCell.swift */ = {isa = PBXFileReference; lastKnownFileType = sourcecode.swift; path = YogiFavoriteCollectionViewCell.swift; sourceTree = "<group>"; };
/* End PBXFileReference section */

/* Begin PBXFrameworksBuildPhase section */
		A6367A072875535E00F480A1 /* Frameworks */ = {
			isa = PBXFrameworksBuildPhase;
			buildActionMask = 2147483647;
			files = (
			);
			runOnlyForDeploymentPostprocessing = 0;
		};
		A6AD9760286EC80E009968B1 /* Frameworks */ = {
			isa = PBXFrameworksBuildPhase;
			buildActionMask = 2147483647;
			files = (
				A6075D7C28718FD500913FD4 /* Kingfisher in Frameworks */,
				A644393D286EE58B009E9F74 /* RxRelay in Frameworks */,
				A644393B286EE58B009E9F74 /* RxCocoa in Frameworks */,
				A644393F286EE58B009E9F74 /* RxSwift in Frameworks */,
				A6443942286EE59A009E9F74 /* ReactorKit in Frameworks */,
				A6443938286EE56F009E9F74 /* SnapKit in Frameworks */,
			);
			runOnlyForDeploymentPostprocessing = 0;
		};
/* End PBXFrameworksBuildPhase section */

/* Begin PBXGroup section */
		A6075D7F2871910A00913FD4 /* Extension */ = {
			isa = PBXGroup;
			children = (
				A644395528705402009E9F74 /* UICollectionView+extension.swift */,
				A6075D7D2871901F00913FD4 /* UIImageView+extension.swift */,
				A6075D782871666F00913FD4 /* UIViewController+Rx.swift */,
			);
			path = Extension;
			sourceTree = "<group>";
		};
		A6075D802871911400913FD4 /* Cell */ = {
			isa = PBXGroup;
			children = (
				A6367A052874C09200F480A1 /* View */,
				A6367A002874BCC000F480A1 /* Reactor */,
			);
			path = Cell;
			sourceTree = "<group>";
		};
		A6075D832871997500913FD4 /* Detail */ = {
			isa = PBXGroup;
			children = (
				A6AF968D2871ECDB000E21B2 /* View */,
				A6AF968E2871ECE3000E21B2 /* Reactor */,
			);
			path = Detail;
			sourceTree = "<group>";
		};
		A63679FA28746C3E00F480A1 /* Reactor */ = {
			isa = PBXGroup;
			children = (
				A63679F628741B1500F480A1 /* YogiFavoriteViewReactor.swift */,
			);
			path = Reactor;
			sourceTree = "<group>";
		};
		A63679FB28746C4500F480A1 /* Utility */ = {
			isa = PBXGroup;
			children = (
				A63679F22874172900F480A1 /* YogiDateFormatter.swift */,
				A63679F4287417E500F480A1 /* YogiNumberFormatter.swift */,
			);
			path = Utility;
			sourceTree = "<group>";
		};
		A63679FC28746C4C00F480A1 /* Application */ = {
			isa = PBXGroup;
			children = (
				A6AD9766286EC80E009968B1 /* AppDelegate.swift */,
				A6AD9768286EC80E009968B1 /* SceneDelegate.swift */,
			);
			path = Application;
			sourceTree = "<group>";
		};
		A63679FD28746C5900F480A1 /* Resource */ = {
			isa = PBXGroup;
			children = (
				A6AD976F286EC810009968B1 /* Assets.xcassets */,
				A6AD9771286EC810009968B1 /* LaunchScreen.storyboard */,
				A6AD9774286EC810009968B1 /* Info.plist */,
				A6AF96942871F523000E21B2 /* YogiCoreDataModel.xcdatamodeld */,
			);
			path = Resource;
			sourceTree = "<group>";
		};
		A6367A002874BCC000F480A1 /* Reactor */ = {
			isa = PBXGroup;
			children = (
				A63679FE2874A35300F480A1 /* YogiHomeCollectionViewCellReactor.swift */,
			);
			path = Reactor;
			sourceTree = "<group>";
		};
		A6367A032874C08700F480A1 /* Reactor */ = {
			isa = PBXGroup;
			children = (
				A6367A012874BE2100F480A1 /* YogiFavoriteCollectionViewCellReactor.swift */,
			);
			path = Reactor;
			sourceTree = "<group>";
		};
		A6367A042874C08D00F480A1 /* View */ = {
			isa = PBXGroup;
			children = (
				A6AF96AD2872E1C1000E21B2 /* YogiFavoriteCollectionViewCell.swift */,
			);
			path = View;
			sourceTree = "<group>";
		};
		A6367A052874C09200F480A1 /* View */ = {
			isa = PBXGroup;
			children = (
				A6443953287053B8009E9F74 /* YogiHomeCollectionViewCell.swift */,
			);
			path = View;
			sourceTree = "<group>";
		};
		A6367A0B2875535E00F480A1 /* Left7Tests */ = {
			isa = PBXGroup;
			children = (
				A64813412876964A0070F7ED /* Extension */,
				A6367A4928760FCF00F480A1 /* Repository */,
				A6367A352875CC2100F480A1 /* FavoriteView */,
				A6367A2F2875B12100F480A1 /* DetailView */,
				A6367A2D2875AA5500F480A1 /* HomeView */,
				A6367A1A28755F4000F480A1 /* NetworkTests */,
			);
			path = Left7Tests;
			sourceTree = "<group>";
		};
		A6367A1928755F3300F480A1 /* TestDouble */ = {
			isa = PBXGroup;
			children = (
				A6367A3F2875FF7B00F480A1 /* Stub */,
				A6367A442876014300F480A1 /* Mock */,
			);
			path = TestDouble;
			sourceTree = "<group>";
		};
		A6367A1A28755F4000F480A1 /* NetworkTests */ = {
			isa = PBXGroup;
			children = (
				A6367A1928755F3300F480A1 /* TestDouble */,
				A6367A1B28755F4D00F480A1 /* Support */,
				A6367A1728755ECC00F480A1 /* HttpNetworkTests.swift */,
			);
			path = NetworkTests;
			sourceTree = "<group>";
		};
		A6367A1B28755F4D00F480A1 /* Support */ = {
			isa = PBXGroup;
			children = (
				A6367A0C2875535E00F480A1 /* EndPointTests.swift */,
				A6367A202875702300F480A1 /* HttpMethodTests.swift */,
			);
			path = Support;
			sourceTree = "<group>";
		};
		A6367A2628759A6500F480A1 /* Protocol */ = {
			isa = PBXGroup;
			children = (
				A6367A2428759A5200F480A1 /* YogiHomeUsecaseType.swift */,
				A6367A2728759A8D00F480A1 /* YogiDetailUsecaseType.swift */,
				A6367A2928759AA900F480A1 /* YogiFavoriteUsecaseType.swift */,
			);
			path = Protocol;
			sourceTree = "<group>";
		};
		A6367A2D2875AA5500F480A1 /* HomeView */ = {
			isa = PBXGroup;
			children = (
				A6367A2228757CFB00F480A1 /* HomeViewReactorTests.swift */,
				A6367A3D2875F70300F480A1 /* HomeUseCaseTests.swift */,
				A648134828769C440070F7ED /* Cell */,
				A6367A2E2875ABBC00F480A1 /* TestDouble */,
			);
			path = HomeView;
			sourceTree = "<group>";
		};
		A6367A2E2875ABBC00F480A1 /* TestDouble */ = {
			isa = PBXGroup;
			children = (
				A6367A2B28759F6D00F480A1 /* StubHomeUsecase.swift */,
			);
			path = TestDouble;
			sourceTree = "<group>";
		};
		A6367A2F2875B12100F480A1 /* DetailView */ = {
			isa = PBXGroup;
			children = (
				A6367A322875B21000F480A1 /* DetailViewReactorTests.swift */,
				A6367A452876060100F480A1 /* DetailUseCaseTests.swift */,
				A6367A342875CB0700F480A1 /* TestDouble */,
			);
			path = DetailView;
			sourceTree = "<group>";
		};
		A6367A342875CB0700F480A1 /* TestDouble */ = {
			isa = PBXGroup;
			children = (
				A6367A302875B16C00F480A1 /* StubDetailUsecase.swift */,
			);
			path = TestDouble;
			sourceTree = "<group>";
		};
		A6367A352875CC2100F480A1 /* FavoriteView */ = {
			isa = PBXGroup;
			children = (
				A6367A3A2875CDD400F480A1 /* FavoriteViewReactorTests.swift */,
				A6367A4728760A2F00F480A1 /* FavoriteUseCaseTests.swift */,
				A6367A3C2875DB2100F480A1 /* TestDouble */,
			);
			path = FavoriteView;
			sourceTree = "<group>";
		};
		A6367A3C2875DB2100F480A1 /* TestDouble */ = {
			isa = PBXGroup;
			children = (
				A6367A382875CC6400F480A1 /* StubFavoriteUsecase.swift */,
			);
			path = TestDouble;
			sourceTree = "<group>";
		};
		A6367A3F2875FF7B00F480A1 /* Stub */ = {
			isa = PBXGroup;
			children = (
				A6367A1328755E1F00F480A1 /* StubURLSessionWithStatusCode.swift */,
				A6367A1C2875684000F480A1 /* StubURLSessionWithInvalidResponse.swift */,
				A6367A1528755E5B00F480A1 /* StubURLSessionDataTask.swift */,
			);
			path = Stub;
			sourceTree = "<group>";
		};
		A6367A442876014300F480A1 /* Mock */ = {
			isa = PBXGroup;
			children = (
				A6367A402875FF9000F480A1 /* MockProductRepository.swift */,
				A6367A422876006300F480A1 /* MockFavoriteProductRepository.swift */,
				A648133D2876107A0070F7ED /* MockHttpNetwork.swift */,
			);
			path = Mock;
			sourceTree = "<group>";
		};
		A6367A4928760FCF00F480A1 /* Repository */ = {
			isa = PBXGroup;
			children = (
				A648133B287610130070F7ED /* ProductRepositoryTests.swift */,
				A6481342287696F60070F7ED /* FavoriteProductRepositoryTests.swift */,
			);
			path = Repository;
			sourceTree = "<group>";
		};
		A6443933286EDCA2009E9F74 /* ResponseModel */ = {
			isa = PBXGroup;
			children = (
				A6AF969B2871F7F3000E21B2 /* CoreData */,
				A6AF969C2871F800000E21B2 /* Network */,
			);
			path = ResponseModel;
			sourceTree = "<group>";
		};
		A6443949286EEAB4009E9F74 /* Data */ = {
			isa = PBXGroup;
			children = (
				A6443933286EDCA2009E9F74 /* ResponseModel */,
				A644394D286EEAF2009E9F74 /* Network */,
				A67F1C7A28708F2E00DF06DB /* Repository */,
				A6AF96A128721082000E21B2 /* CoreData */,
			);
			path = Data;
			sourceTree = "<group>";
		};
		A644394A286EEAD6009E9F74 /* Error */ = {
			isa = PBXGroup;
			children = (
				A6443943286EE783009E9F74 /* HttpNetworkError.swift */,
			);
			path = Error;
			sourceTree = "<group>";
		};
		A644394B286EEADB009E9F74 /* Support */ = {
			isa = PBXGroup;
			children = (
				A6443945286EE8A6009E9F74 /* HttpMethod.swift */,
				A6443947286EE8D5009E9F74 /* EndPoint.swift */,
			);
			path = Support;
			sourceTree = "<group>";
		};
		A644394C286EEAE3009E9F74 /* Protocol */ = {
			isa = PBXGroup;
			children = (
				A6443934286EE0F3009E9F74 /* URLSessionProtocol.swift */,
			);
			path = Protocol;
			sourceTree = "<group>";
		};
		A644394D286EEAF2009E9F74 /* Network */ = {
			isa = PBXGroup;
			children = (
				A644394C286EEAE3009E9F74 /* Protocol */,
				A644394B286EEADB009E9F74 /* Support */,
				A644394A286EEAD6009E9F74 /* Error */,
				A644394E286EEBA0009E9F74 /* HttpNetwork.swift */,
			);
			path = Network;
			sourceTree = "<group>";
		};
		A644395228704153009E9F74 /* Entity */ = {
			isa = PBXGroup;
			children = (
				A644395028704139009E9F74 /* Product.swift */,
			);
			path = Entity;
			sourceTree = "<group>";
		};
		A64813412876964A0070F7ED /* Extension */ = {
			isa = PBXGroup;
			children = (
				A648133F287696130070F7ED /* YogiResponse+Encodable.swift */,
			);
			path = Extension;
			sourceTree = "<group>";
		};
		A648134828769C440070F7ED /* Cell */ = {
			isa = PBXGroup;
			children = (
				A648134628769B9A0070F7ED /* HomeCollectionViewCellReactorTests.swift */,
			);
			path = Cell;
			sourceTree = "<group>";
		};
		A67F1C70287085A500DF06DB /* Presentation */ = {
			isa = PBXGroup;
			children = (
				A67F1C71287085B400DF06DB /* Home */,
				A6075D832871997500913FD4 /* Detail */,
				A6AF96AC2872E121000E21B2 /* Favorite */,
				A67F1C72287085B900DF06DB /* Common */,
				A6075D7F2871910A00913FD4 /* Extension */,
			);
			path = Presentation;
			sourceTree = "<group>";
		};
		A67F1C71287085B400DF06DB /* Home */ = {
			isa = PBXGroup;
			children = (
				A67F1C73287085DF00DF06DB /* View */,
				A67F1C74287085EA00DF06DB /* Reactor */,
			);
			path = Home;
			sourceTree = "<group>";
		};
		A67F1C72287085B900DF06DB /* Common */ = {
			isa = PBXGroup;
			children = (
				A644395728706790009E9F74 /* YogiProductImageView.swift */,
				A644395928706E48009E9F74 /* YogiRateStackView.swift */,
			);
			path = Common;
			sourceTree = "<group>";
		};
		A67F1C73287085DF00DF06DB /* View */ = {
			isa = PBXGroup;
			children = (
				A6AD976A286EC80E009968B1 /* YogiHomeViewController.swift */,
				A6075D802871911400913FD4 /* Cell */,
			);
			path = View;
			sourceTree = "<group>";
		};
		A67F1C74287085EA00DF06DB /* Reactor */ = {
			isa = PBXGroup;
			children = (
				A67F1C7F2870A18600DF06DB /* YogiHomeViewReactor.swift */,
			);
			path = Reactor;
			sourceTree = "<group>";
		};
		A67F1C7928708F1A00DF06DB /* Interface */ = {
			isa = PBXGroup;
			children = (
				A67F1C7728708C4300DF06DB /* NetworkRepository.swift */,
				A6AF96A32872A085000E21B2 /* CoreDataRepository.swift */,
			);
			path = Interface;
			sourceTree = "<group>";
		};
		A67F1C7A28708F2E00DF06DB /* Repository */ = {
			isa = PBXGroup;
			children = (
				A67F1C75287089B300DF06DB /* YogiProductRepository.swift */,
				A6AF96A52872A119000E21B2 /* YogiFavoriteProductRepository.swift */,
			);
			path = Repository;
			sourceTree = "<group>";
		};
		A67F1C7B28708F5F00DF06DB /* Domain */ = {
			isa = PBXGroup;
			children = (
				A644395228704153009E9F74 /* Entity */,
				A67F1C7928708F1A00DF06DB /* Interface */,
				A67F1C7E2870A04500DF06DB /* Usecase */,
			);
			path = Domain;
			sourceTree = "<group>";
		};
		A67F1C7E2870A04500DF06DB /* Usecase */ = {
			isa = PBXGroup;
			children = (
				A67F1C7C28709FEE00DF06DB /* YogiHomeUsecase.swift */,
				A6AF968F2871F2F4000E21B2 /* YogiDetailUsecase.swift */,
				A63679F828741D8A00F480A1 /* YogiFavoriteUsecase.swift */,
				A6367A2628759A6500F480A1 /* Protocol */,
			);
			path = Usecase;
			sourceTree = "<group>";
		};
		A6AD975A286EC80E009968B1 = {
			isa = PBXGroup;
			children = (
				A6AD9765286EC80E009968B1 /* Left7 */,
				A6367A0B2875535E00F480A1 /* Left7Tests */,
				A6AD9764286EC80E009968B1 /* Products */,
			);
			sourceTree = "<group>";
		};
		A6AD9764286EC80E009968B1 /* Products */ = {
			isa = PBXGroup;
			children = (
				A6AD9763286EC80E009968B1 /* Left7.app */,
				A6367A0A2875535E00F480A1 /* Left7Tests.xctest */,
			);
			name = Products;
			sourceTree = "<group>";
		};
		A6AD9765286EC80E009968B1 /* Left7 */ = {
			isa = PBXGroup;
			children = (
				A63679FC28746C4C00F480A1 /* Application */,
				A63679FB28746C4500F480A1 /* Utility */,
				A67F1C70287085A500DF06DB /* Presentation */,
				A67F1C7B28708F5F00DF06DB /* Domain */,
				A6443949286EEAB4009E9F74 /* Data */,
				A63679FD28746C5900F480A1 /* Resource */,
			);
			path = Left7;
			sourceTree = "<group>";
		};
		A6AF968D2871ECDB000E21B2 /* View */ = {
			isa = PBXGroup;
			children = (
				A6075D812871997100913FD4 /* YogiDetailViewController.swift */,
			);
			path = View;
			sourceTree = "<group>";
		};
		A6AF968E2871ECE3000E21B2 /* Reactor */ = {
			isa = PBXGroup;
			children = (
				A6AF968B2871D234000E21B2 /* YogiDetailViewReactor.swift */,
			);
			path = Reactor;
			sourceTree = "<group>";
		};
		A6AF969B2871F7F3000E21B2 /* CoreData */ = {
			isa = PBXGroup;
			children = (
				A6AF96972871F7E2000E21B2 /* ProductDataObject+CoreDataClass.swift */,
				A6AF96982871F7E2000E21B2 /* ProductDataObject+CoreDataProperties.swift */,
			);
			path = CoreData;
			sourceTree = "<group>";
		};
		A6AF969C2871F800000E21B2 /* Network */ = {
			isa = PBXGroup;
			children = (
				A644392D286EDC58009E9F74 /* YogiResponse.swift */,
			);
			path = Network;
			sourceTree = "<group>";
		};
		A6AF96A128721082000E21B2 /* CoreData */ = {
			isa = PBXGroup;
			children = (
				A6AF969D287202A7000E21B2 /* CoreDataManager.swift */,
				A6AF96A228721088000E21B2 /* Error */,
			);
			path = CoreData;
			sourceTree = "<group>";
		};
		A6AF96A228721088000E21B2 /* Error */ = {
			isa = PBXGroup;
			children = (
				A6AF969F28720726000E21B2 /* CoreDataError.swift */,
			);
			path = Error;
			sourceTree = "<group>";
		};
		A6AF96AC2872E121000E21B2 /* Favorite */ = {
			isa = PBXGroup;
			children = (
				A6AF96AF2872E1C6000E21B2 /* View */,
				A63679FA28746C3E00F480A1 /* Reactor */,
			);
			path = Favorite;
			sourceTree = "<group>";
		};
		A6AF96AF2872E1C6000E21B2 /* View */ = {
			isa = PBXGroup;
			children = (
				A6AF96AA2872E115000E21B2 /* YogiFavoriteViewController.swift */,
				A6AF96B02872E1CB000E21B2 /* Cell */,
			);
			path = View;
			sourceTree = "<group>";
		};
		A6AF96B02872E1CB000E21B2 /* Cell */ = {
			isa = PBXGroup;
			children = (
				A6367A042874C08D00F480A1 /* View */,
				A6367A032874C08700F480A1 /* Reactor */,
			);
			path = Cell;
			sourceTree = "<group>";
		};
/* End PBXGroup section */

/* Begin PBXNativeTarget section */
		A6367A092875535E00F480A1 /* Left7Tests */ = {
			isa = PBXNativeTarget;
			buildConfigurationList = A6367A102875535E00F480A1 /* Build configuration list for PBXNativeTarget "Left7Tests" */;
			buildPhases = (
				A6367A062875535E00F480A1 /* Sources */,
				A6367A072875535E00F480A1 /* Frameworks */,
				A6367A082875535E00F480A1 /* Resources */,
			);
			buildRules = (
			);
			dependencies = (
				A6367A0F2875535E00F480A1 /* PBXTargetDependency */,
			);
			name = Left7Tests;
			productName = Left7Tests;
			productReference = A6367A0A2875535E00F480A1 /* Left7Tests.xctest */;
			productType = "com.apple.product-type.bundle.unit-test";
		};
		A6AD9762286EC80E009968B1 /* Left7 */ = {
			isa = PBXNativeTarget;
			buildConfigurationList = A6AD9777286EC810009968B1 /* Build configuration list for PBXNativeTarget "Left7" */;
			buildPhases = (
				A6AD975F286EC80E009968B1 /* Sources */,
				A6AD9760286EC80E009968B1 /* Frameworks */,
				A6AD9761286EC80E009968B1 /* Resources */,
			);
			buildRules = (
			);
			dependencies = (
			);
			name = Left7;
			packageProductDependencies = (
				A6443937286EE56F009E9F74 /* SnapKit */,
				A644393A286EE58B009E9F74 /* RxCocoa */,
				A644393C286EE58B009E9F74 /* RxRelay */,
				A644393E286EE58B009E9F74 /* RxSwift */,
				A6443941286EE59A009E9F74 /* ReactorKit */,
				A6075D7B28718FD500913FD4 /* Kingfisher */,
			);
			productName = Left7;
			productReference = A6AD9763286EC80E009968B1 /* Left7.app */;
			productType = "com.apple.product-type.application";
		};
/* End PBXNativeTarget section */

/* Begin PBXProject section */
		A6AD975B286EC80E009968B1 /* Project object */ = {
			isa = PBXProject;
			attributes = {
				BuildIndependentTargetsInParallel = 1;
				LastSwiftUpdateCheck = 1330;
				LastUpgradeCheck = 1330;
				TargetAttributes = {
					A6367A092875535E00F480A1 = {
						CreatedOnToolsVersion = 13.3;
						TestTargetID = A6AD9762286EC80E009968B1;
					};
					A6AD9762286EC80E009968B1 = {
						CreatedOnToolsVersion = 13.3;
					};
				};
			};
			buildConfigurationList = A6AD975E286EC80E009968B1 /* Build configuration list for PBXProject "Left7" */;
			compatibilityVersion = "Xcode 13.0";
			developmentRegion = en;
			hasScannedForEncodings = 0;
			knownRegions = (
				en,
				Base,
			);
			mainGroup = A6AD975A286EC80E009968B1;
			packageReferences = (
				A6443936286EE56F009E9F74 /* XCRemoteSwiftPackageReference "SnapKit" */,
				A6443939286EE58B009E9F74 /* XCRemoteSwiftPackageReference "RxSwift" */,
				A6443940286EE59A009E9F74 /* XCRemoteSwiftPackageReference "ReactorKit" */,
				A6075D7A28718FD500913FD4 /* XCRemoteSwiftPackageReference "Kingfisher" */,
			);
			productRefGroup = A6AD9764286EC80E009968B1 /* Products */;
			projectDirPath = "";
			projectRoot = "";
			targets = (
				A6AD9762286EC80E009968B1 /* Left7 */,
				A6367A092875535E00F480A1 /* Left7Tests */,
			);
		};
/* End PBXProject section */

/* Begin PBXResourcesBuildPhase section */
		A6367A082875535E00F480A1 /* Resources */ = {
			isa = PBXResourcesBuildPhase;
			buildActionMask = 2147483647;
			files = (
			);
			runOnlyForDeploymentPostprocessing = 0;
		};
		A6AD9761286EC80E009968B1 /* Resources */ = {
			isa = PBXResourcesBuildPhase;
			buildActionMask = 2147483647;
			files = (
				A6AD9773286EC810009968B1 /* LaunchScreen.storyboard in Resources */,
				A6AD9770286EC810009968B1 /* Assets.xcassets in Resources */,
			);
			runOnlyForDeploymentPostprocessing = 0;
		};
/* End PBXResourcesBuildPhase section */

/* Begin PBXSourcesBuildPhase section */
		A6367A062875535E00F480A1 /* Sources */ = {
			isa = PBXSourcesBuildPhase;
			buildActionMask = 2147483647;
			files = (
				A6367A332875B21000F480A1 /* DetailViewReactorTests.swift in Sources */,
				A6367A2C28759F6D00F480A1 /* StubHomeUsecase.swift in Sources */,
				A6367A462876060100F480A1 /* DetailUseCaseTests.swift in Sources */,
				A648133C287610130070F7ED /* ProductRepositoryTests.swift in Sources */,
				A6367A2328757CFB00F480A1 /* HomeViewReactorTests.swift in Sources */,
				A6367A4828760A2F00F480A1 /* FavoriteUseCaseTests.swift in Sources */,
				A6367A3B2875CDD400F480A1 /* FavoriteViewReactorTests.swift in Sources */,
				A6367A1D2875684000F480A1 /* StubURLSessionWithInvalidResponse.swift in Sources */,
				A648134728769B9A0070F7ED /* HomeCollectionViewCellReactorTests.swift in Sources */,
				A6367A1428755E1F00F480A1 /* StubURLSessionWithStatusCode.swift in Sources */,
				A6367A212875702300F480A1 /* HttpMethodTests.swift in Sources */,
				A6481343287696F60070F7ED /* FavoriteProductRepositoryTests.swift in Sources */,
				A6367A0D2875535E00F480A1 /* EndPointTests.swift in Sources */,
				A6367A1828755ECC00F480A1 /* HttpNetworkTests.swift in Sources */,
				A648133E2876107A0070F7ED /* MockHttpNetwork.swift in Sources */,
				A6367A312875B16C00F480A1 /* StubDetailUsecase.swift in Sources */,
				A6481340287696130070F7ED /* YogiResponse+Encodable.swift in Sources */,
				A6367A392875CC6400F480A1 /* StubFavoriteUsecase.swift in Sources */,
				A6367A1628755E5B00F480A1 /* StubURLSessionDataTask.swift in Sources */,
				A6367A3E2875F70300F480A1 /* HomeUseCaseTests.swift in Sources */,
				A6367A432876006300F480A1 /* MockFavoriteProductRepository.swift in Sources */,
				A6367A412875FF9000F480A1 /* MockProductRepository.swift in Sources */,
			);
			runOnlyForDeploymentPostprocessing = 0;
		};
		A6AD975F286EC80E009968B1 /* Sources */ = {
			isa = PBXSourcesBuildPhase;
			buildActionMask = 2147483647;
			files = (
				A6AD976B286EC80E009968B1 /* YogiHomeViewController.swift in Sources */,
				A6AF96A62872A119000E21B2 /* YogiFavoriteProductRepository.swift in Sources */,
				A6443946286EE8A6009E9F74 /* HttpMethod.swift in Sources */,
				A6367A022874BE2100F480A1 /* YogiFavoriteCollectionViewCellReactor.swift in Sources */,
				A63679F728741B1500F480A1 /* YogiFavoriteViewReactor.swift in Sources */,
				A6AF96962871F523000E21B2 /* YogiCoreDataModel.xcdatamodeld in Sources */,
				A63679F928741D8A00F480A1 /* YogiFavoriteUsecase.swift in Sources */,
				A67F1C802870A18600DF06DB /* YogiHomeViewReactor.swift in Sources */,
				A63679F5287417E500F480A1 /* YogiNumberFormatter.swift in Sources */,
				A6443948286EE8D5009E9F74 /* EndPoint.swift in Sources */,
				A6AD9767286EC80E009968B1 /* AppDelegate.swift in Sources */,
				A6AF969E287202A7000E21B2 /* CoreDataManager.swift in Sources */,
				A644394F286EEBA0009E9F74 /* HttpNetwork.swift in Sources */,
				A67F1C7D28709FEE00DF06DB /* YogiHomeUsecase.swift in Sources */,
				A63679FF2874A35300F480A1 /* YogiHomeCollectionViewCellReactor.swift in Sources */,
				A6AF96902871F2F4000E21B2 /* YogiDetailUsecase.swift in Sources */,
				A644395A28706E48009E9F74 /* YogiRateStackView.swift in Sources */,
				A6367A2A28759AA900F480A1 /* YogiFavoriteUsecaseType.swift in Sources */,
				A6367A2528759A5300F480A1 /* YogiHomeUsecaseType.swift in Sources */,
				A6443954287053B8009E9F74 /* YogiHomeCollectionViewCell.swift in Sources */,
				A6075D822871997200913FD4 /* YogiDetailViewController.swift in Sources */,
				A6443935286EE0F3009E9F74 /* URLSessionProtocol.swift in Sources */,
				A6075D7E2871901F00913FD4 /* UIImageView+extension.swift in Sources */,
				A6443944286EE783009E9F74 /* HttpNetworkError.swift in Sources */,
				A644395628705402009E9F74 /* UICollectionView+extension.swift in Sources */,
				A644395128704139009E9F74 /* Product.swift in Sources */,
				A6075D792871666F00913FD4 /* UIViewController+Rx.swift in Sources */,
				A67F1C76287089B300DF06DB /* YogiProductRepository.swift in Sources */,
				A6AF96992871F7E2000E21B2 /* ProductDataObject+CoreDataClass.swift in Sources */,
				A67F1C7828708C4300DF06DB /* NetworkRepository.swift in Sources */,
				A6AF968C2871D234000E21B2 /* YogiDetailViewReactor.swift in Sources */,
				A6AF96AB2872E115000E21B2 /* YogiFavoriteViewController.swift in Sources */,
				A6AD9769286EC80E009968B1 /* SceneDelegate.swift in Sources */,
				A63679F32874172900F480A1 /* YogiDateFormatter.swift in Sources */,
				A644392E286EDC58009E9F74 /* YogiResponse.swift in Sources */,
				A6AF969A2871F7E2000E21B2 /* ProductDataObject+CoreDataProperties.swift in Sources */,
				A644395828706790009E9F74 /* YogiProductImageView.swift in Sources */,
				A6367A2828759A8D00F480A1 /* YogiDetailUsecaseType.swift in Sources */,
				A6AF96A42872A086000E21B2 /* CoreDataRepository.swift in Sources */,
				A6AF96AE2872E1C1000E21B2 /* YogiFavoriteCollectionViewCell.swift in Sources */,
				A6AF96A028720726000E21B2 /* CoreDataError.swift in Sources */,
			);
			runOnlyForDeploymentPostprocessing = 0;
		};
/* End PBXSourcesBuildPhase section */

/* Begin PBXTargetDependency section */
		A6367A0F2875535E00F480A1 /* PBXTargetDependency */ = {
			isa = PBXTargetDependency;
			target = A6AD9762286EC80E009968B1 /* Left7 */;
			targetProxy = A6367A0E2875535E00F480A1 /* PBXContainerItemProxy */;
		};
/* End PBXTargetDependency section */

/* Begin PBXVariantGroup section */
		A6AD9771286EC810009968B1 /* LaunchScreen.storyboard */ = {
			isa = PBXVariantGroup;
			children = (
				A6AD9772286EC810009968B1 /* Base */,
			);
			name = LaunchScreen.storyboard;
			sourceTree = "<group>";
		};
/* End PBXVariantGroup section */

/* Begin XCBuildConfiguration section */
		A6367A112875535E00F480A1 /* Debug */ = {
			isa = XCBuildConfiguration;
			buildSettings = {
				BUNDLE_LOADER = "$(TEST_HOST)";
				CODE_SIGN_STYLE = Automatic;
				CURRENT_PROJECT_VERSION = 1;
				DEVELOPMENT_TEAM = RL265827ML;
				GENERATE_INFOPLIST_FILE = YES;
				IPHONEOS_DEPLOYMENT_TARGET = 15.4;
				MARKETING_VERSION = 1.0;
				PRODUCT_BUNDLE_IDENTIFIER = limjs.Left7Tests;
				PRODUCT_NAME = "$(TARGET_NAME)";
				SWIFT_EMIT_LOC_STRINGS = NO;
				SWIFT_VERSION = 5.0;
				TARGETED_DEVICE_FAMILY = "1,2";
				TEST_HOST = "$(BUILT_PRODUCTS_DIR)/Left7.app/Left7";
			};
			name = Debug;
		};
		A6367A122875535E00F480A1 /* Release */ = {
			isa = XCBuildConfiguration;
			buildSettings = {
				BUNDLE_LOADER = "$(TEST_HOST)";
				CODE_SIGN_STYLE = Automatic;
				CURRENT_PROJECT_VERSION = 1;
				DEVELOPMENT_TEAM = RL265827ML;
				GENERATE_INFOPLIST_FILE = YES;
				IPHONEOS_DEPLOYMENT_TARGET = 15.4;
				MARKETING_VERSION = 1.0;
				PRODUCT_BUNDLE_IDENTIFIER = limjs.Left7Tests;
				PRODUCT_NAME = "$(TARGET_NAME)";
				SWIFT_EMIT_LOC_STRINGS = NO;
				SWIFT_VERSION = 5.0;
				TARGETED_DEVICE_FAMILY = "1,2";
				TEST_HOST = "$(BUILT_PRODUCTS_DIR)/Left7.app/Left7";
			};
			name = Release;
		};
		A6AD9775286EC810009968B1 /* Debug */ = {
			isa = XCBuildConfiguration;
			buildSettings = {
				ALWAYS_SEARCH_USER_PATHS = NO;
				CLANG_ANALYZER_NONNULL = YES;
				CLANG_ANALYZER_NUMBER_OBJECT_CONVERSION = YES_AGGRESSIVE;
				CLANG_CXX_LANGUAGE_STANDARD = "gnu++17";
				CLANG_ENABLE_MODULES = YES;
				CLANG_ENABLE_OBJC_ARC = YES;
				CLANG_ENABLE_OBJC_WEAK = YES;
				CLANG_WARN_BLOCK_CAPTURE_AUTORELEASING = YES;
				CLANG_WARN_BOOL_CONVERSION = YES;
				CLANG_WARN_COMMA = YES;
				CLANG_WARN_CONSTANT_CONVERSION = YES;
				CLANG_WARN_DEPRECATED_OBJC_IMPLEMENTATIONS = YES;
				CLANG_WARN_DIRECT_OBJC_ISA_USAGE = YES_ERROR;
				CLANG_WARN_DOCUMENTATION_COMMENTS = YES;
				CLANG_WARN_EMPTY_BODY = YES;
				CLANG_WARN_ENUM_CONVERSION = YES;
				CLANG_WARN_INFINITE_RECURSION = YES;
				CLANG_WARN_INT_CONVERSION = YES;
				CLANG_WARN_NON_LITERAL_NULL_CONVERSION = YES;
				CLANG_WARN_OBJC_IMPLICIT_RETAIN_SELF = YES;
				CLANG_WARN_OBJC_LITERAL_CONVERSION = YES;
				CLANG_WARN_OBJC_ROOT_CLASS = YES_ERROR;
				CLANG_WARN_QUOTED_INCLUDE_IN_FRAMEWORK_HEADER = YES;
				CLANG_WARN_RANGE_LOOP_ANALYSIS = YES;
				CLANG_WARN_STRICT_PROTOTYPES = YES;
				CLANG_WARN_SUSPICIOUS_MOVE = YES;
				CLANG_WARN_UNGUARDED_AVAILABILITY = YES_AGGRESSIVE;
				CLANG_WARN_UNREACHABLE_CODE = YES;
				CLANG_WARN__DUPLICATE_METHOD_MATCH = YES;
				COPY_PHASE_STRIP = NO;
				DEBUG_INFORMATION_FORMAT = dwarf;
				ENABLE_STRICT_OBJC_MSGSEND = YES;
				ENABLE_TESTABILITY = YES;
				GCC_C_LANGUAGE_STANDARD = gnu11;
				GCC_DYNAMIC_NO_PIC = NO;
				GCC_NO_COMMON_BLOCKS = YES;
				GCC_OPTIMIZATION_LEVEL = 0;
				GCC_PREPROCESSOR_DEFINITIONS = (
					"DEBUG=1",
					"$(inherited)",
				);
				GCC_WARN_64_TO_32_BIT_CONVERSION = YES;
				GCC_WARN_ABOUT_RETURN_TYPE = YES_ERROR;
				GCC_WARN_UNDECLARED_SELECTOR = YES;
				GCC_WARN_UNINITIALIZED_AUTOS = YES_AGGRESSIVE;
				GCC_WARN_UNUSED_FUNCTION = YES;
				GCC_WARN_UNUSED_VARIABLE = YES;
				IPHONEOS_DEPLOYMENT_TARGET = 13.0;
				MTL_ENABLE_DEBUG_INFO = INCLUDE_SOURCE;
				MTL_FAST_MATH = YES;
				ONLY_ACTIVE_ARCH = YES;
				SDKROOT = iphoneos;
				SWIFT_ACTIVE_COMPILATION_CONDITIONS = DEBUG;
				SWIFT_OPTIMIZATION_LEVEL = "-Onone";
			};
			name = Debug;
		};
		A6AD9776286EC810009968B1 /* Release */ = {
			isa = XCBuildConfiguration;
			buildSettings = {
				ALWAYS_SEARCH_USER_PATHS = NO;
				CLANG_ANALYZER_NONNULL = YES;
				CLANG_ANALYZER_NUMBER_OBJECT_CONVERSION = YES_AGGRESSIVE;
				CLANG_CXX_LANGUAGE_STANDARD = "gnu++17";
				CLANG_ENABLE_MODULES = YES;
				CLANG_ENABLE_OBJC_ARC = YES;
				CLANG_ENABLE_OBJC_WEAK = YES;
				CLANG_WARN_BLOCK_CAPTURE_AUTORELEASING = YES;
				CLANG_WARN_BOOL_CONVERSION = YES;
				CLANG_WARN_COMMA = YES;
				CLANG_WARN_CONSTANT_CONVERSION = YES;
				CLANG_WARN_DEPRECATED_OBJC_IMPLEMENTATIONS = YES;
				CLANG_WARN_DIRECT_OBJC_ISA_USAGE = YES_ERROR;
				CLANG_WARN_DOCUMENTATION_COMMENTS = YES;
				CLANG_WARN_EMPTY_BODY = YES;
				CLANG_WARN_ENUM_CONVERSION = YES;
				CLANG_WARN_INFINITE_RECURSION = YES;
				CLANG_WARN_INT_CONVERSION = YES;
				CLANG_WARN_NON_LITERAL_NULL_CONVERSION = YES;
				CLANG_WARN_OBJC_IMPLICIT_RETAIN_SELF = YES;
				CLANG_WARN_OBJC_LITERAL_CONVERSION = YES;
				CLANG_WARN_OBJC_ROOT_CLASS = YES_ERROR;
				CLANG_WARN_QUOTED_INCLUDE_IN_FRAMEWORK_HEADER = YES;
				CLANG_WARN_RANGE_LOOP_ANALYSIS = YES;
				CLANG_WARN_STRICT_PROTOTYPES = YES;
				CLANG_WARN_SUSPICIOUS_MOVE = YES;
				CLANG_WARN_UNGUARDED_AVAILABILITY = YES_AGGRESSIVE;
				CLANG_WARN_UNREACHABLE_CODE = YES;
				CLANG_WARN__DUPLICATE_METHOD_MATCH = YES;
				COPY_PHASE_STRIP = NO;
				DEBUG_INFORMATION_FORMAT = "dwarf-with-dsym";
				ENABLE_NS_ASSERTIONS = NO;
				ENABLE_STRICT_OBJC_MSGSEND = YES;
				GCC_C_LANGUAGE_STANDARD = gnu11;
				GCC_NO_COMMON_BLOCKS = YES;
				GCC_WARN_64_TO_32_BIT_CONVERSION = YES;
				GCC_WARN_ABOUT_RETURN_TYPE = YES_ERROR;
				GCC_WARN_UNDECLARED_SELECTOR = YES;
				GCC_WARN_UNINITIALIZED_AUTOS = YES_AGGRESSIVE;
				GCC_WARN_UNUSED_FUNCTION = YES;
				GCC_WARN_UNUSED_VARIABLE = YES;
				IPHONEOS_DEPLOYMENT_TARGET = 13.0;
				MTL_ENABLE_DEBUG_INFO = NO;
				MTL_FAST_MATH = YES;
				SDKROOT = iphoneos;
				SWIFT_COMPILATION_MODE = wholemodule;
				SWIFT_OPTIMIZATION_LEVEL = "-O";
				VALIDATE_PRODUCT = YES;
			};
			name = Release;
		};
		A6AD9778286EC810009968B1 /* Debug */ = {
			isa = XCBuildConfiguration;
			buildSettings = {
				ASSETCATALOG_COMPILER_APPICON_NAME = AppIcon;
				ASSETCATALOG_COMPILER_GLOBAL_ACCENT_COLOR_NAME = AccentColor;
				CODE_SIGN_STYLE = Automatic;
				CURRENT_PROJECT_VERSION = 1;
				DEVELOPMENT_TEAM = RL265827ML;
				GENERATE_INFOPLIST_FILE = YES;
				INFOPLIST_FILE = Left7/Resource/Info.plist;
				INFOPLIST_KEY_UIApplicationSupportsIndirectInputEvents = YES;
				INFOPLIST_KEY_UILaunchStoryboardName = LaunchScreen;
				INFOPLIST_KEY_UISupportedInterfaceOrientations_iPad = "UIInterfaceOrientationPortrait UIInterfaceOrientationPortraitUpsideDown UIInterfaceOrientationLandscapeLeft UIInterfaceOrientationLandscapeRight";
				INFOPLIST_KEY_UISupportedInterfaceOrientations_iPhone = "UIInterfaceOrientationPortrait UIInterfaceOrientationLandscapeLeft UIInterfaceOrientationLandscapeRight";
				LD_RUNPATH_SEARCH_PATHS = (
					"$(inherited)",
					"@executable_path/Frameworks",
				);
				MARKETING_VERSION = 1.0;
				PRODUCT_BUNDLE_IDENTIFIER = limjs.Left7;
				PRODUCT_NAME = "$(TARGET_NAME)";
				SWIFT_EMIT_LOC_STRINGS = YES;
				SWIFT_VERSION = 5.0;
				TARGETED_DEVICE_FAMILY = "1,2";
			};
			name = Debug;
		};
		A6AD9779286EC810009968B1 /* Release */ = {
			isa = XCBuildConfiguration;
			buildSettings = {
				ASSETCATALOG_COMPILER_APPICON_NAME = AppIcon;
				ASSETCATALOG_COMPILER_GLOBAL_ACCENT_COLOR_NAME = AccentColor;
				CODE_SIGN_STYLE = Automatic;
				CURRENT_PROJECT_VERSION = 1;
				DEVELOPMENT_TEAM = RL265827ML;
				GENERATE_INFOPLIST_FILE = YES;
				INFOPLIST_FILE = Left7/Resource/Info.plist;
				INFOPLIST_KEY_UIApplicationSupportsIndirectInputEvents = YES;
				INFOPLIST_KEY_UILaunchStoryboardName = LaunchScreen;
				INFOPLIST_KEY_UISupportedInterfaceOrientations_iPad = "UIInterfaceOrientationPortrait UIInterfaceOrientationPortraitUpsideDown UIInterfaceOrientationLandscapeLeft UIInterfaceOrientationLandscapeRight";
				INFOPLIST_KEY_UISupportedInterfaceOrientations_iPhone = "UIInterfaceOrientationPortrait UIInterfaceOrientationLandscapeLeft UIInterfaceOrientationLandscapeRight";
				LD_RUNPATH_SEARCH_PATHS = (
					"$(inherited)",
					"@executable_path/Frameworks",
				);
				MARKETING_VERSION = 1.0;
				PRODUCT_BUNDLE_IDENTIFIER = limjs.Left7;
				PRODUCT_NAME = "$(TARGET_NAME)";
				SWIFT_EMIT_LOC_STRINGS = YES;
				SWIFT_VERSION = 5.0;
				TARGETED_DEVICE_FAMILY = "1,2";
			};
			name = Release;
		};
/* End XCBuildConfiguration section */

/* Begin XCConfigurationList section */
		A6367A102875535E00F480A1 /* Build configuration list for PBXNativeTarget "Left7Tests" */ = {
			isa = XCConfigurationList;
			buildConfigurations = (
				A6367A112875535E00F480A1 /* Debug */,
				A6367A122875535E00F480A1 /* Release */,
			);
			defaultConfigurationIsVisible = 0;
			defaultConfigurationName = Release;
		};
		A6AD975E286EC80E009968B1 /* Build configuration list for PBXProject "Left7" */ = {
			isa = XCConfigurationList;
			buildConfigurations = (
				A6AD9775286EC810009968B1 /* Debug */,
				A6AD9776286EC810009968B1 /* Release */,
			);
			defaultConfigurationIsVisible = 0;
			defaultConfigurationName = Release;
		};
		A6AD9777286EC810009968B1 /* Build configuration list for PBXNativeTarget "Left7" */ = {
			isa = XCConfigurationList;
			buildConfigurations = (
				A6AD9778286EC810009968B1 /* Debug */,
				A6AD9779286EC810009968B1 /* Release */,
			);
			defaultConfigurationIsVisible = 0;
			defaultConfigurationName = Release;
		};
/* End XCConfigurationList section */

/* Begin XCRemoteSwiftPackageReference section */
		A6075D7A28718FD500913FD4 /* XCRemoteSwiftPackageReference "Kingfisher" */ = {
			isa = XCRemoteSwiftPackageReference;
			repositoryURL = "https://github.com/onevcat/Kingfisher.git";
			requirement = {
				kind = upToNextMajorVersion;
				minimumVersion = 7.0.0;
			};
		};
		A6443936286EE56F009E9F74 /* XCRemoteSwiftPackageReference "SnapKit" */ = {
			isa = XCRemoteSwiftPackageReference;
			repositoryURL = "https://github.com/SnapKit/SnapKit.git";
			requirement = {
				kind = upToNextMajorVersion;
				minimumVersion = 5.0.0;
			};
		};
		A6443939286EE58B009E9F74 /* XCRemoteSwiftPackageReference "RxSwift" */ = {
			isa = XCRemoteSwiftPackageReference;
			repositoryURL = "https://github.com/ReactiveX/RxSwift";
			requirement = {
				kind = upToNextMajorVersion;
				minimumVersion = 6.0.0;
			};
		};
		A6443940286EE59A009E9F74 /* XCRemoteSwiftPackageReference "ReactorKit" */ = {
			isa = XCRemoteSwiftPackageReference;
			repositoryURL = "https://github.com/ReactorKit/ReactorKit.git";
			requirement = {
				kind = upToNextMajorVersion;
				minimumVersion = 3.0.0;
			};
		};
/* End XCRemoteSwiftPackageReference section */

/* Begin XCSwiftPackageProductDependency section */
		A6075D7B28718FD500913FD4 /* Kingfisher */ = {
			isa = XCSwiftPackageProductDependency;
			package = A6075D7A28718FD500913FD4 /* XCRemoteSwiftPackageReference "Kingfisher" */;
			productName = Kingfisher;
		};
		A6443937286EE56F009E9F74 /* SnapKit */ = {
			isa = XCSwiftPackageProductDependency;
			package = A6443936286EE56F009E9F74 /* XCRemoteSwiftPackageReference "SnapKit" */;
			productName = SnapKit;
		};
		A644393A286EE58B009E9F74 /* RxCocoa */ = {
			isa = XCSwiftPackageProductDependency;
			package = A6443939286EE58B009E9F74 /* XCRemoteSwiftPackageReference "RxSwift" */;
			productName = RxCocoa;
		};
		A644393C286EE58B009E9F74 /* RxRelay */ = {
			isa = XCSwiftPackageProductDependency;
			package = A6443939286EE58B009E9F74 /* XCRemoteSwiftPackageReference "RxSwift" */;
			productName = RxRelay;
		};
		A644393E286EE58B009E9F74 /* RxSwift */ = {
			isa = XCSwiftPackageProductDependency;
			package = A6443939286EE58B009E9F74 /* XCRemoteSwiftPackageReference "RxSwift" */;
			productName = RxSwift;
		};
		A6443941286EE59A009E9F74 /* ReactorKit */ = {
			isa = XCSwiftPackageProductDependency;
			package = A6443940286EE59A009E9F74 /* XCRemoteSwiftPackageReference "ReactorKit" */;
			productName = ReactorKit;
		};
/* End XCSwiftPackageProductDependency section */

/* Begin XCVersionGroup section */
		A6AF96942871F523000E21B2 /* YogiCoreDataModel.xcdatamodeld */ = {
			isa = XCVersionGroup;
			children = (
				A6AF96952871F523000E21B2 /* YogiCoreDataModel.xcdatamodel */,
			);
			currentVersion = A6AF96952871F523000E21B2 /* YogiCoreDataModel.xcdatamodel */;
			path = YogiCoreDataModel.xcdatamodeld;
			sourceTree = "<group>";
			versionGroupType = wrapper.xcdatamodel;
		};
/* End XCVersionGroup section */
	};
	rootObject = A6AD975B286EC80E009968B1 /* Project object */;
}
