// !$*UTF8*$!
{
	archiveVersion = 1;
	classes = {
	};
	objectVersion = 55;
	objects = {

/* Begin PBXBuildFile section */
		A644392E286EDC58009E9F74 /* YogiResponse.swift in Sources */ = {isa = PBXBuildFile; fileRef = A644392D286EDC58009E9F74 /* YogiResponse.swift */; };
		A6443935286EE0F3009E9F74 /* URLSessionProtocol.swift in Sources */ = {isa = PBXBuildFile; fileRef = A6443934286EE0F3009E9F74 /* URLSessionProtocol.swift */; };
		A6443938286EE56F009E9F74 /* SnapKit in Frameworks */ = {isa = PBXBuildFile; productRef = A6443937286EE56F009E9F74 /* SnapKit */; };
		A644393B286EE58B009E9F74 /* RxCocoa in Frameworks */ = {isa = PBXBuildFile; productRef = A644393A286EE58B009E9F74 /* RxCocoa */; };
		A644393D286EE58B009E9F74 /* RxRelay in Frameworks */ = {isa = PBXBuildFile; productRef = A644393C286EE58B009E9F74 /* RxRelay */; };
		A644393F286EE58B009E9F74 /* RxSwift in Frameworks */ = {isa = PBXBuildFile; productRef = A644393E286EE58B009E9F74 /* RxSwift */; };
		A6443942286EE59A009E9F74 /* ReactorKit in Frameworks */ = {isa = PBXBuildFile; productRef = A6443941286EE59A009E9F74 /* ReactorKit */; };
		A6443944286EE783009E9F74 /* HttpNetworkError.swift in Sources */ = {isa = PBXBuildFile; fileRef = A6443943286EE783009E9F74 /* HttpNetworkError.swift */; };
		A6443946286EE8A6009E9F74 /* HttpMethod.swift in Sources */ = {isa = PBXBuildFile; fileRef = A6443945286EE8A6009E9F74 /* HttpMethod.swift */; };
		A6443948286EE8D5009E9F74 /* EndPoint.swift in Sources */ = {isa = PBXBuildFile; fileRef = A6443947286EE8D5009E9F74 /* EndPoint.swift */; };
		A644394F286EEBA0009E9F74 /* HttpNetwork.swift in Sources */ = {isa = PBXBuildFile; fileRef = A644394E286EEBA0009E9F74 /* HttpNetwork.swift */; };
		A644395128704139009E9F74 /* Product.swift in Sources */ = {isa = PBXBuildFile; fileRef = A644395028704139009E9F74 /* Product.swift */; };
		A6443954287053B8009E9F74 /* YogiHomeCollectionViewCell.swift in Sources */ = {isa = PBXBuildFile; fileRef = A6443953287053B8009E9F74 /* YogiHomeCollectionViewCell.swift */; };
		A644395628705402009E9F74 /* UICollectionView+extension.swift in Sources */ = {isa = PBXBuildFile; fileRef = A644395528705402009E9F74 /* UICollectionView+extension.swift */; };
		A644395828706790009E9F74 /* YogiProductImageView.swift in Sources */ = {isa = PBXBuildFile; fileRef = A644395728706790009E9F74 /* YogiProductImageView.swift */; };
		A644395A28706E48009E9F74 /* YogiRateStackView.swift in Sources */ = {isa = PBXBuildFile; fileRef = A644395928706E48009E9F74 /* YogiRateStackView.swift */; };
		A6AD9767286EC80E009968B1 /* AppDelegate.swift in Sources */ = {isa = PBXBuildFile; fileRef = A6AD9766286EC80E009968B1 /* AppDelegate.swift */; };
		A6AD9769286EC80E009968B1 /* SceneDelegate.swift in Sources */ = {isa = PBXBuildFile; fileRef = A6AD9768286EC80E009968B1 /* SceneDelegate.swift */; };
		A6AD976B286EC80E009968B1 /* YogiHomeViewController.swift in Sources */ = {isa = PBXBuildFile; fileRef = A6AD976A286EC80E009968B1 /* YogiHomeViewController.swift */; };
		A6AD9770286EC810009968B1 /* Assets.xcassets in Resources */ = {isa = PBXBuildFile; fileRef = A6AD976F286EC810009968B1 /* Assets.xcassets */; };
		A6AD9773286EC810009968B1 /* LaunchScreen.storyboard in Resources */ = {isa = PBXBuildFile; fileRef = A6AD9771286EC810009968B1 /* LaunchScreen.storyboard */; };
/* End PBXBuildFile section */

/* Begin PBXFileReference section */
		A644392D286EDC58009E9F74 /* YogiResponse.swift */ = {isa = PBXFileReference; lastKnownFileType = sourcecode.swift; path = YogiResponse.swift; sourceTree = "<group>"; };
		A6443934286EE0F3009E9F74 /* URLSessionProtocol.swift */ = {isa = PBXFileReference; lastKnownFileType = sourcecode.swift; path = URLSessionProtocol.swift; sourceTree = "<group>"; };
		A6443943286EE783009E9F74 /* HttpNetworkError.swift */ = {isa = PBXFileReference; lastKnownFileType = sourcecode.swift; path = HttpNetworkError.swift; sourceTree = "<group>"; };
		A6443945286EE8A6009E9F74 /* HttpMethod.swift */ = {isa = PBXFileReference; lastKnownFileType = sourcecode.swift; path = HttpMethod.swift; sourceTree = "<group>"; };
		A6443947286EE8D5009E9F74 /* EndPoint.swift */ = {isa = PBXFileReference; lastKnownFileType = sourcecode.swift; path = EndPoint.swift; sourceTree = "<group>"; };
		A644394E286EEBA0009E9F74 /* HttpNetwork.swift */ = {isa = PBXFileReference; lastKnownFileType = sourcecode.swift; path = HttpNetwork.swift; sourceTree = "<group>"; };
		A644395028704139009E9F74 /* Product.swift */ = {isa = PBXFileReference; lastKnownFileType = sourcecode.swift; path = Product.swift; sourceTree = "<group>"; };
		A6443953287053B8009E9F74 /* YogiHomeCollectionViewCell.swift */ = {isa = PBXFileReference; lastKnownFileType = sourcecode.swift; path = YogiHomeCollectionViewCell.swift; sourceTree = "<group>"; };
		A644395528705402009E9F74 /* UICollectionView+extension.swift */ = {isa = PBXFileReference; lastKnownFileType = sourcecode.swift; path = "UICollectionView+extension.swift"; sourceTree = "<group>"; };
		A644395728706790009E9F74 /* YogiProductImageView.swift */ = {isa = PBXFileReference; lastKnownFileType = sourcecode.swift; path = YogiProductImageView.swift; sourceTree = "<group>"; };
		A644395928706E48009E9F74 /* YogiRateStackView.swift */ = {isa = PBXFileReference; lastKnownFileType = sourcecode.swift; path = YogiRateStackView.swift; sourceTree = "<group>"; };
		A6AD9763286EC80E009968B1 /* Left7.app */ = {isa = PBXFileReference; explicitFileType = wrapper.application; includeInIndex = 0; path = Left7.app; sourceTree = BUILT_PRODUCTS_DIR; };
		A6AD9766286EC80E009968B1 /* AppDelegate.swift */ = {isa = PBXFileReference; lastKnownFileType = sourcecode.swift; path = AppDelegate.swift; sourceTree = "<group>"; };
		A6AD9768286EC80E009968B1 /* SceneDelegate.swift */ = {isa = PBXFileReference; lastKnownFileType = sourcecode.swift; path = SceneDelegate.swift; sourceTree = "<group>"; };
		A6AD976A286EC80E009968B1 /* YogiHomeViewController.swift */ = {isa = PBXFileReference; lastKnownFileType = sourcecode.swift; path = YogiHomeViewController.swift; sourceTree = "<group>"; };
		A6AD976F286EC810009968B1 /* Assets.xcassets */ = {isa = PBXFileReference; lastKnownFileType = folder.assetcatalog; path = Assets.xcassets; sourceTree = "<group>"; };
		A6AD9772286EC810009968B1 /* Base */ = {isa = PBXFileReference; lastKnownFileType = file.storyboard; name = Base; path = Base.lproj/LaunchScreen.storyboard; sourceTree = "<group>"; };
		A6AD9774286EC810009968B1 /* Info.plist */ = {isa = PBXFileReference; lastKnownFileType = text.plist.xml; path = Info.plist; sourceTree = "<group>"; };
/* End PBXFileReference section */

/* Begin PBXFrameworksBuildPhase section */
		A6AD9760286EC80E009968B1 /* Frameworks */ = {
			isa = PBXFrameworksBuildPhase;
			buildActionMask = 2147483647;
			files = (
				A644393D286EE58B009E9F74 /* RxRelay in Frameworks */,
				A644393B286EE58B009E9F74 /* RxCocoa in Frameworks */,
				A644393F286EE58B009E9F74 /* RxSwift in Frameworks */,
				A6443942286EE59A009E9F74 /* ReactorKit in Frameworks */,
				A6443938286EE56F009E9F74 /* SnapKit in Frameworks */,
			);
			runOnlyForDeploymentPostprocessing = 0;
		};
/* End PBXFrameworksBuildPhase section */

/* Begin PBXGroup section */
		A6443933286EDCA2009E9F74 /* ResponseModel */ = {
			isa = PBXGroup;
			children = (
				A644392D286EDC58009E9F74 /* YogiResponse.swift */,
			);
			path = ResponseModel;
			sourceTree = "<group>";
		};
		A6443949286EEAB4009E9F74 /* Data */ = {
			isa = PBXGroup;
			children = (
				A6443933286EDCA2009E9F74 /* ResponseModel */,
				A644394D286EEAF2009E9F74 /* Network */,
			);
			path = Data;
			sourceTree = "<group>";
		};
		A644394A286EEAD6009E9F74 /* Error */ = {
			isa = PBXGroup;
			children = (
				A6443943286EE783009E9F74 /* HttpNetworkError.swift */,
			);
			path = Error;
			sourceTree = "<group>";
		};
		A644394B286EEADB009E9F74 /* Support */ = {
			isa = PBXGroup;
			children = (
				A6443945286EE8A6009E9F74 /* HttpMethod.swift */,
				A6443947286EE8D5009E9F74 /* EndPoint.swift */,
			);
			path = Support;
			sourceTree = "<group>";
		};
		A644394C286EEAE3009E9F74 /* Protocol */ = {
			isa = PBXGroup;
			children = (
				A6443934286EE0F3009E9F74 /* URLSessionProtocol.swift */,
			);
			path = Protocol;
			sourceTree = "<group>";
		};
		A644394D286EEAF2009E9F74 /* Network */ = {
			isa = PBXGroup;
			children = (
				A644394C286EEAE3009E9F74 /* Protocol */,
				A644394B286EEADB009E9F74 /* Support */,
				A644394A286EEAD6009E9F74 /* Error */,
				A644394E286EEBA0009E9F74 /* HttpNetwork.swift */,
			);
			path = Network;
			sourceTree = "<group>";
		};
		A644395228704153009E9F74 /* Entity */ = {
			isa = PBXGroup;
			children = (
				A644395028704139009E9F74 /* Product.swift */,
			);
			path = Entity;
			sourceTree = "<group>";
		};
		A6AD975A286EC80E009968B1 = {
			isa = PBXGroup;
			children = (
				A6AD9765286EC80E009968B1 /* Left7 */,
				A6AD9764286EC80E009968B1 /* Products */,
			);
			sourceTree = "<group>";
		};
		A6AD9764286EC80E009968B1 /* Products */ = {
			isa = PBXGroup;
			children = (
				A6AD9763286EC80E009968B1 /* Left7.app */,
			);
			name = Products;
			sourceTree = "<group>";
		};
		A6AD9765286EC80E009968B1 /* Left7 */ = {
			isa = PBXGroup;
			children = (
				A6AD9766286EC80E009968B1 /* AppDelegate.swift */,
				A6AD9768286EC80E009968B1 /* SceneDelegate.swift */,
				A6AD976A286EC80E009968B1 /* YogiHomeViewController.swift */,
				A6443953287053B8009E9F74 /* YogiHomeCollectionViewCell.swift */,
				A644395728706790009E9F74 /* YogiProductImageView.swift */,
				A644395928706E48009E9F74 /* YogiRateStackView.swift */,
				A644395228704153009E9F74 /* Entity */,
				A6443949286EEAB4009E9F74 /* Data */,
				A6AD976F286EC810009968B1 /* Assets.xcassets */,
				A6AD9771286EC810009968B1 /* LaunchScreen.storyboard */,
				A6AD9774286EC810009968B1 /* Info.plist */,
				A644395528705402009E9F74 /* UICollectionView+extension.swift */,
			);
			path = Left7;
			sourceTree = "<group>";
		};
/* End PBXGroup section */

/* Begin PBXNativeTarget section */
		A6AD9762286EC80E009968B1 /* Left7 */ = {
			isa = PBXNativeTarget;
			buildConfigurationList = A6AD9777286EC810009968B1 /* Build configuration list for PBXNativeTarget "Left7" */;
			buildPhases = (
				A6AD975F286EC80E009968B1 /* Sources */,
				A6AD9760286EC80E009968B1 /* Frameworks */,
				A6AD9761286EC80E009968B1 /* Resources */,
			);
			buildRules = (
			);
			dependencies = (
			);
			name = Left7;
			packageProductDependencies = (
				A6443937286EE56F009E9F74 /* SnapKit */,
				A644393A286EE58B009E9F74 /* RxCocoa */,
				A644393C286EE58B009E9F74 /* RxRelay */,
				A644393E286EE58B009E9F74 /* RxSwift */,
				A6443941286EE59A009E9F74 /* ReactorKit */,
			);
			productName = Left7;
			productReference = A6AD9763286EC80E009968B1 /* Left7.app */;
			productType = "com.apple.product-type.application";
		};
/* End PBXNativeTarget section */

/* Begin PBXProject section */
		A6AD975B286EC80E009968B1 /* Project object */ = {
			isa = PBXProject;
			attributes = {
				BuildIndependentTargetsInParallel = 1;
				LastSwiftUpdateCheck = 1330;
				LastUpgradeCheck = 1330;
				TargetAttributes = {
					A6AD9762286EC80E009968B1 = {
						CreatedOnToolsVersion = 13.3;
					};
				};
			};
			buildConfigurationList = A6AD975E286EC80E009968B1 /* Build configuration list for PBXProject "Left7" */;
			compatibilityVersion = "Xcode 13.0";
			developmentRegion = en;
			hasScannedForEncodings = 0;
			knownRegions = (
				en,
				Base,
			);
			mainGroup = A6AD975A286EC80E009968B1;
			packageReferences = (
				A6443936286EE56F009E9F74 /* XCRemoteSwiftPackageReference "SnapKit" */,
				A6443939286EE58B009E9F74 /* XCRemoteSwiftPackageReference "RxSwift" */,
				A6443940286EE59A009E9F74 /* XCRemoteSwiftPackageReference "ReactorKit" */,
			);
			productRefGroup = A6AD9764286EC80E009968B1 /* Products */;
			projectDirPath = "";
			projectRoot = "";
			targets = (
				A6AD9762286EC80E009968B1 /* Left7 */,
			);
		};
/* End PBXProject section */

/* Begin PBXResourcesBuildPhase section */
		A6AD9761286EC80E009968B1 /* Resources */ = {
			isa = PBXResourcesBuildPhase;
			buildActionMask = 2147483647;
			files = (
				A6AD9773286EC810009968B1 /* LaunchScreen.storyboard in Resources */,
				A6AD9770286EC810009968B1 /* Assets.xcassets in Resources */,
			);
			runOnlyForDeploymentPostprocessing = 0;
		};
/* End PBXResourcesBuildPhase section */

/* Begin PBXSourcesBuildPhase section */
		A6AD975F286EC80E009968B1 /* Sources */ = {
			isa = PBXSourcesBuildPhase;
			buildActionMask = 2147483647;
			files = (
				A6AD976B286EC80E009968B1 /* YogiHomeViewController.swift in Sources */,
				A6443946286EE8A6009E9F74 /* HttpMethod.swift in Sources */,
				A6443948286EE8D5009E9F74 /* EndPoint.swift in Sources */,
				A6AD9767286EC80E009968B1 /* AppDelegate.swift in Sources */,
				A644394F286EEBA0009E9F74 /* HttpNetwork.swift in Sources */,
				A644395A28706E48009E9F74 /* YogiRateStackView.swift in Sources */,
				A6443954287053B8009E9F74 /* YogiHomeCollectionViewCell.swift in Sources */,
				A6443935286EE0F3009E9F74 /* URLSessionProtocol.swift in Sources */,
				A6443944286EE783009E9F74 /* HttpNetworkError.swift in Sources */,
				A644395628705402009E9F74 /* UICollectionView+extension.swift in Sources */,
				A644395128704139009E9F74 /* Product.swift in Sources */,
				A6AD9769286EC80E009968B1 /* SceneDelegate.swift in Sources */,
				A644392E286EDC58009E9F74 /* YogiResponse.swift in Sources */,
				A644395828706790009E9F74 /* YogiProductImageView.swift in Sources */,
			);
			runOnlyForDeploymentPostprocessing = 0;
		};
/* End PBXSourcesBuildPhase section */

/* Begin PBXVariantGroup section */
		A6AD9771286EC810009968B1 /* LaunchScreen.storyboard */ = {
			isa = PBXVariantGroup;
			children = (
				A6AD9772286EC810009968B1 /* Base */,
			);
			name = LaunchScreen.storyboard;
			sourceTree = "<group>";
		};
/* End PBXVariantGroup section */

/* Begin XCBuildConfiguration section */
		A6AD9775286EC810009968B1 /* Debug */ = {
			isa = XCBuildConfiguration;
			buildSettings = {
				ALWAYS_SEARCH_USER_PATHS = NO;
				CLANG_ANALYZER_NONNULL = YES;
				CLANG_ANALYZER_NUMBER_OBJECT_CONVERSION = YES_AGGRESSIVE;
				CLANG_CXX_LANGUAGE_STANDARD = "gnu++17";
				CLANG_ENABLE_MODULES = YES;
				CLANG_ENABLE_OBJC_ARC = YES;
				CLANG_ENABLE_OBJC_WEAK = YES;
				CLANG_WARN_BLOCK_CAPTURE_AUTORELEASING = YES;
				CLANG_WARN_BOOL_CONVERSION = YES;
				CLANG_WARN_COMMA = YES;
				CLANG_WARN_CONSTANT_CONVERSION = YES;
				CLANG_WARN_DEPRECATED_OBJC_IMPLEMENTATIONS = YES;
				CLANG_WARN_DIRECT_OBJC_ISA_USAGE = YES_ERROR;
				CLANG_WARN_DOCUMENTATION_COMMENTS = YES;
				CLANG_WARN_EMPTY_BODY = YES;
				CLANG_WARN_ENUM_CONVERSION = YES;
				CLANG_WARN_INFINITE_RECURSION = YES;
				CLANG_WARN_INT_CONVERSION = YES;
				CLANG_WARN_NON_LITERAL_NULL_CONVERSION = YES;
				CLANG_WARN_OBJC_IMPLICIT_RETAIN_SELF = YES;
				CLANG_WARN_OBJC_LITERAL_CONVERSION = YES;
				CLANG_WARN_OBJC_ROOT_CLASS = YES_ERROR;
				CLANG_WARN_QUOTED_INCLUDE_IN_FRAMEWORK_HEADER = YES;
				CLANG_WARN_RANGE_LOOP_ANALYSIS = YES;
				CLANG_WARN_STRICT_PROTOTYPES = YES;
				CLANG_WARN_SUSPICIOUS_MOVE = YES;
				CLANG_WARN_UNGUARDED_AVAILABILITY = YES_AGGRESSIVE;
				CLANG_WARN_UNREACHABLE_CODE = YES;
				CLANG_WARN__DUPLICATE_METHOD_MATCH = YES;
				COPY_PHASE_STRIP = NO;
				DEBUG_INFORMATION_FORMAT = dwarf;
				ENABLE_STRICT_OBJC_MSGSEND = YES;
				ENABLE_TESTABILITY = YES;
				GCC_C_LANGUAGE_STANDARD = gnu11;
				GCC_DYNAMIC_NO_PIC = NO;
				GCC_NO_COMMON_BLOCKS = YES;
				GCC_OPTIMIZATION_LEVEL = 0;
				GCC_PREPROCESSOR_DEFINITIONS = (
					"DEBUG=1",
					"$(inherited)",
				);
				GCC_WARN_64_TO_32_BIT_CONVERSION = YES;
				GCC_WARN_ABOUT_RETURN_TYPE = YES_ERROR;
				GCC_WARN_UNDECLARED_SELECTOR = YES;
				GCC_WARN_UNINITIALIZED_AUTOS = YES_AGGRESSIVE;
				GCC_WARN_UNUSED_FUNCTION = YES;
				GCC_WARN_UNUSED_VARIABLE = YES;
				IPHONEOS_DEPLOYMENT_TARGET = 15.4;
				MTL_ENABLE_DEBUG_INFO = INCLUDE_SOURCE;
				MTL_FAST_MATH = YES;
				ONLY_ACTIVE_ARCH = YES;
				SDKROOT = iphoneos;
				SWIFT_ACTIVE_COMPILATION_CONDITIONS = DEBUG;
				SWIFT_OPTIMIZATION_LEVEL = "-Onone";
			};
			name = Debug;
		};
		A6AD9776286EC810009968B1 /* Release */ = {
			isa = XCBuildConfiguration;
			buildSettings = {
				ALWAYS_SEARCH_USER_PATHS = NO;
				CLANG_ANALYZER_NONNULL = YES;
				CLANG_ANALYZER_NUMBER_OBJECT_CONVERSION = YES_AGGRESSIVE;
				CLANG_CXX_LANGUAGE_STANDARD = "gnu++17";
				CLANG_ENABLE_MODULES = YES;
				CLANG_ENABLE_OBJC_ARC = YES;
				CLANG_ENABLE_OBJC_WEAK = YES;
				CLANG_WARN_BLOCK_CAPTURE_AUTORELEASING = YES;
				CLANG_WARN_BOOL_CONVERSION = YES;
				CLANG_WARN_COMMA = YES;
				CLANG_WARN_CONSTANT_CONVERSION = YES;
				CLANG_WARN_DEPRECATED_OBJC_IMPLEMENTATIONS = YES;
				CLANG_WARN_DIRECT_OBJC_ISA_USAGE = YES_ERROR;
				CLANG_WARN_DOCUMENTATION_COMMENTS = YES;
				CLANG_WARN_EMPTY_BODY = YES;
				CLANG_WARN_ENUM_CONVERSION = YES;
				CLANG_WARN_INFINITE_RECURSION = YES;
				CLANG_WARN_INT_CONVERSION = YES;
				CLANG_WARN_NON_LITERAL_NULL_CONVERSION = YES;
				CLANG_WARN_OBJC_IMPLICIT_RETAIN_SELF = YES;
				CLANG_WARN_OBJC_LITERAL_CONVERSION = YES;
				CLANG_WARN_OBJC_ROOT_CLASS = YES_ERROR;
				CLANG_WARN_QUOTED_INCLUDE_IN_FRAMEWORK_HEADER = YES;
				CLANG_WARN_RANGE_LOOP_ANALYSIS = YES;
				CLANG_WARN_STRICT_PROTOTYPES = YES;
				CLANG_WARN_SUSPICIOUS_MOVE = YES;
				CLANG_WARN_UNGUARDED_AVAILABILITY = YES_AGGRESSIVE;
				CLANG_WARN_UNREACHABLE_CODE = YES;
				CLANG_WARN__DUPLICATE_METHOD_MATCH = YES;
				COPY_PHASE_STRIP = NO;
				DEBUG_INFORMATION_FORMAT = "dwarf-with-dsym";
				ENABLE_NS_ASSERTIONS = NO;
				ENABLE_STRICT_OBJC_MSGSEND = YES;
				GCC_C_LANGUAGE_STANDARD = gnu11;
				GCC_NO_COMMON_BLOCKS = YES;
				GCC_WARN_64_TO_32_BIT_CONVERSION = YES;
				GCC_WARN_ABOUT_RETURN_TYPE = YES_ERROR;
				GCC_WARN_UNDECLARED_SELECTOR = YES;
				GCC_WARN_UNINITIALIZED_AUTOS = YES_AGGRESSIVE;
				GCC_WARN_UNUSED_FUNCTION = YES;
				GCC_WARN_UNUSED_VARIABLE = YES;
				IPHONEOS_DEPLOYMENT_TARGET = 15.4;
				MTL_ENABLE_DEBUG_INFO = NO;
				MTL_FAST_MATH = YES;
				SDKROOT = iphoneos;
				SWIFT_COMPILATION_MODE = wholemodule;
				SWIFT_OPTIMIZATION_LEVEL = "-O";
				VALIDATE_PRODUCT = YES;
			};
			name = Release;
		};
		A6AD9778286EC810009968B1 /* Debug */ = {
			isa = XCBuildConfiguration;
			buildSettings = {
				ASSETCATALOG_COMPILER_APPICON_NAME = AppIcon;
				ASSETCATALOG_COMPILER_GLOBAL_ACCENT_COLOR_NAME = AccentColor;
				CODE_SIGN_STYLE = Automatic;
				CURRENT_PROJECT_VERSION = 1;
				DEVELOPMENT_TEAM = RL265827ML;
				GENERATE_INFOPLIST_FILE = YES;
				INFOPLIST_FILE = Left7/Info.plist;
				INFOPLIST_KEY_UIApplicationSupportsIndirectInputEvents = YES;
				INFOPLIST_KEY_UILaunchStoryboardName = LaunchScreen;
				INFOPLIST_KEY_UISupportedInterfaceOrientations_iPad = "UIInterfaceOrientationPortrait UIInterfaceOrientationPortraitUpsideDown UIInterfaceOrientationLandscapeLeft UIInterfaceOrientationLandscapeRight";
				INFOPLIST_KEY_UISupportedInterfaceOrientations_iPhone = "UIInterfaceOrientationPortrait UIInterfaceOrientationLandscapeLeft UIInterfaceOrientationLandscapeRight";
				LD_RUNPATH_SEARCH_PATHS = (
					"$(inherited)",
					"@executable_path/Frameworks",
				);
				MARKETING_VERSION = 1.0;
				PRODUCT_BUNDLE_IDENTIFIER = limjs.Left7;
				PRODUCT_NAME = "$(TARGET_NAME)";
				SWIFT_EMIT_LOC_STRINGS = YES;
				SWIFT_VERSION = 5.0;
				TARGETED_DEVICE_FAMILY = "1,2";
			};
			name = Debug;
		};
		A6AD9779286EC810009968B1 /* Release */ = {
			isa = XCBuildConfiguration;
			buildSettings = {
				ASSETCATALOG_COMPILER_APPICON_NAME = AppIcon;
				ASSETCATALOG_COMPILER_GLOBAL_ACCENT_COLOR_NAME = AccentColor;
				CODE_SIGN_STYLE = Automatic;
				CURRENT_PROJECT_VERSION = 1;
				DEVELOPMENT_TEAM = RL265827ML;
				GENERATE_INFOPLIST_FILE = YES;
				INFOPLIST_FILE = Left7/Info.plist;
				INFOPLIST_KEY_UIApplicationSupportsIndirectInputEvents = YES;
				INFOPLIST_KEY_UILaunchStoryboardName = LaunchScreen;
				INFOPLIST_KEY_UISupportedInterfaceOrientations_iPad = "UIInterfaceOrientationPortrait UIInterfaceOrientationPortraitUpsideDown UIInterfaceOrientationLandscapeLeft UIInterfaceOrientationLandscapeRight";
				INFOPLIST_KEY_UISupportedInterfaceOrientations_iPhone = "UIInterfaceOrientationPortrait UIInterfaceOrientationLandscapeLeft UIInterfaceOrientationLandscapeRight";
				LD_RUNPATH_SEARCH_PATHS = (
					"$(inherited)",
					"@executable_path/Frameworks",
				);
				MARKETING_VERSION = 1.0;
				PRODUCT_BUNDLE_IDENTIFIER = limjs.Left7;
				PRODUCT_NAME = "$(TARGET_NAME)";
				SWIFT_EMIT_LOC_STRINGS = YES;
				SWIFT_VERSION = 5.0;
				TARGETED_DEVICE_FAMILY = "1,2";
			};
			name = Release;
		};
/* End XCBuildConfiguration section */

/* Begin XCConfigurationList section */
		A6AD975E286EC80E009968B1 /* Build configuration list for PBXProject "Left7" */ = {
			isa = XCConfigurationList;
			buildConfigurations = (
				A6AD9775286EC810009968B1 /* Debug */,
				A6AD9776286EC810009968B1 /* Release */,
			);
			defaultConfigurationIsVisible = 0;
			defaultConfigurationName = Release;
		};
		A6AD9777286EC810009968B1 /* Build configuration list for PBXNativeTarget "Left7" */ = {
			isa = XCConfigurationList;
			buildConfigurations = (
				A6AD9778286EC810009968B1 /* Debug */,
				A6AD9779286EC810009968B1 /* Release */,
			);
			defaultConfigurationIsVisible = 0;
			defaultConfigurationName = Release;
		};
/* End XCConfigurationList section */

/* Begin XCRemoteSwiftPackageReference section */
		A6443936286EE56F009E9F74 /* XCRemoteSwiftPackageReference "SnapKit" */ = {
			isa = XCRemoteSwiftPackageReference;
			repositoryURL = "https://github.com/SnapKit/SnapKit.git";
			requirement = {
				kind = upToNextMajorVersion;
				minimumVersion = 5.0.0;
			};
		};
		A6443939286EE58B009E9F74 /* XCRemoteSwiftPackageReference "RxSwift" */ = {
			isa = XCRemoteSwiftPackageReference;
			repositoryURL = "https://github.com/ReactiveX/RxSwift";
			requirement = {
				kind = upToNextMajorVersion;
				minimumVersion = 6.0.0;
			};
		};
		A6443940286EE59A009E9F74 /* XCRemoteSwiftPackageReference "ReactorKit" */ = {
			isa = XCRemoteSwiftPackageReference;
			repositoryURL = "https://github.com/ReactorKit/ReactorKit.git";
			requirement = {
				kind = upToNextMajorVersion;
				minimumVersion = 3.0.0;
			};
		};
/* End XCRemoteSwiftPackageReference section */

/* Begin XCSwiftPackageProductDependency section */
		A6443937286EE56F009E9F74 /* SnapKit */ = {
			isa = XCSwiftPackageProductDependency;
			package = A6443936286EE56F009E9F74 /* XCRemoteSwiftPackageReference "SnapKit" */;
			productName = SnapKit;
		};
		A644393A286EE58B009E9F74 /* RxCocoa */ = {
			isa = XCSwiftPackageProductDependency;
			package = A6443939286EE58B009E9F74 /* XCRemoteSwiftPackageReference "RxSwift" */;
			productName = RxCocoa;
		};
		A644393C286EE58B009E9F74 /* RxRelay */ = {
			isa = XCSwiftPackageProductDependency;
			package = A6443939286EE58B009E9F74 /* XCRemoteSwiftPackageReference "RxSwift" */;
			productName = RxRelay;
		};
		A644393E286EE58B009E9F74 /* RxSwift */ = {
			isa = XCSwiftPackageProductDependency;
			package = A6443939286EE58B009E9F74 /* XCRemoteSwiftPackageReference "RxSwift" */;
			productName = RxSwift;
		};
		A6443941286EE59A009E9F74 /* ReactorKit */ = {
			isa = XCSwiftPackageProductDependency;
			package = A6443940286EE59A009E9F74 /* XCRemoteSwiftPackageReference "ReactorKit" */;
			productName = ReactorKit;
		};
/* End XCSwiftPackageProductDependency section */
	};
	rootObject = A6AD975B286EC80E009968B1 /* Project object */;
}
